// !$*UTF8*$!
{
	archiveVersion = 1;
	classes = {
	};
	objectVersion = 46;
	objects = {

/* Begin PBXBuildFile section */
		051032011B29F15C0094A6B2 /* UIKit.framework in Frameworks */ = {isa = PBXBuildFile; fileRef = 051032001B29F15C0094A6B2 /* UIKit.framework */; };
		051032031B29F17C0094A6B2 /* SalesforceDesignSystem.h in Headers */ = {isa = PBXBuildFile; fileRef = 051031E91B29F1020094A6B2 /* SalesforceDesignSystem.h */; settings = {ATTRIBUTES = (Public, ); }; };
		0516E9561B4D9D2400F8B6B0 /* CoreText.framework in Frameworks */ = {isa = PBXBuildFile; fileRef = 0516E9551B4D9D2400F8B6B0 /* CoreText.framework */; };
		200B16A21E4930D800BA11A0 /* SalesforceDesignSystemNames.h in Headers */ = {isa = PBXBuildFile; fileRef = 200B168B1E4925D700BA11A0 /* SalesforceDesignSystemNames.h */; settings = {ATTRIBUTES = (Public, ); }; };
		206475331E4AAF6E00DD9CFB /* UIColor+SLDSColor.h in Headers */ = {isa = PBXBuildFile; fileRef = 2064752B1E4AAF6E00DD9CFB /* UIColor+SLDSColor.h */; settings = {ATTRIBUTES = (Public, ); }; };
		206475341E4AAF6E00DD9CFB /* UIColor+SLDSColor.m in Sources */ = {isa = PBXBuildFile; fileRef = 2064752C1E4AAF6E00DD9CFB /* UIColor+SLDSColor.m */; };
		206475351E4AAF6E00DD9CFB /* UIFont+SLDSFont.h in Headers */ = {isa = PBXBuildFile; fileRef = 2064752D1E4AAF6E00DD9CFB /* UIFont+SLDSFont.h */; settings = {ATTRIBUTES = (Public, ); }; };
		206475361E4AAF6E00DD9CFB /* UIFont+SLDSFont.m in Sources */ = {isa = PBXBuildFile; fileRef = 2064752E1E4AAF6E00DD9CFB /* UIFont+SLDSFont.m */; };
		206475371E4AAF6E00DD9CFB /* UIImage+SLDSIcon.h in Headers */ = {isa = PBXBuildFile; fileRef = 2064752F1E4AAF6E00DD9CFB /* UIImage+SLDSIcon.h */; settings = {ATTRIBUTES = (Public, ); }; };
		206475381E4AAF6E00DD9CFB /* UIImage+SLDSIcon.m in Sources */ = {isa = PBXBuildFile; fileRef = 206475301E4AAF6E00DD9CFB /* UIImage+SLDSIcon.m */; };
		2064753E1E4AAF7600DD9CFB /* SLDSColor.h in Headers */ = {isa = PBXBuildFile; fileRef = 206475391E4AAF7600DD9CFB /* SLDSColor.h */; settings = {ATTRIBUTES = (Public, ); }; };
		2064753F1E4AAF7600DD9CFB /* SLDSFont.h in Headers */ = {isa = PBXBuildFile; fileRef = 2064753A1E4AAF7600DD9CFB /* SLDSFont.h */; settings = {ATTRIBUTES = (Public, ); }; };
		206475401E4AAF7600DD9CFB /* SLDSIcon.h in Headers */ = {isa = PBXBuildFile; fileRef = 2064753B1E4AAF7600DD9CFB /* SLDSIcon.h */; settings = {ATTRIBUTES = (Public, ); }; };
		206475421E4AAF7600DD9CFB /* SLDSSize.h in Headers */ = {isa = PBXBuildFile; fileRef = 2064753D1E4AAF7600DD9CFB /* SLDSSize.h */; settings = {ATTRIBUTES = (Public, ); }; };
		206475431E4AAF8100DD9CFB /* SLDSName.h in Headers */ = {isa = PBXBuildFile; fileRef = 2064753C1E4AAF7600DD9CFB /* SLDSName.h */; settings = {ATTRIBUTES = (Public, ); }; };
		206475441E4AAFA600DD9CFB /* NSString+SLDSName.h in Headers */ = {isa = PBXBuildFile; fileRef = 206475291E4AAF6E00DD9CFB /* NSString+SLDSName.h */; settings = {ATTRIBUTES = (Public, ); }; };
		206475471E4AAFBC00DD9CFB /* NSString+SLDSName.m in Sources */ = {isa = PBXBuildFile; fileRef = 2064752A1E4AAF6E00DD9CFB /* NSString+SLDSName.m */; };
/* End PBXBuildFile section */

/* Begin PBXFileReference section */
		051031E61B29F1020094A6B2 /* libSalesforceDesignSystem.a */ = {isa = PBXFileReference; explicitFileType = archive.ar; includeInIndex = 0; path = libSalesforceDesignSystem.a; sourceTree = BUILT_PRODUCTS_DIR; };
		051031E91B29F1020094A6B2 /* SalesforceDesignSystem.h */ = {isa = PBXFileReference; lastKnownFileType = sourcecode.c.h; path = SalesforceDesignSystem.h; sourceTree = "<group>"; };
		051032001B29F15C0094A6B2 /* UIKit.framework */ = {isa = PBXFileReference; lastKnownFileType = wrapper.framework; name = UIKit.framework; path = System/Library/Frameworks/UIKit.framework; sourceTree = SDKROOT; };
		0516E9551B4D9D2400F8B6B0 /* CoreText.framework */ = {isa = PBXFileReference; lastKnownFileType = wrapper.framework; name = CoreText.framework; path = System/Library/Frameworks/CoreText.framework; sourceTree = SDKROOT; };
		0567E44A1B79552800025C6E /* SalesforceDesignSystem.bundle */ = {isa = PBXFileReference; lastKnownFileType = "wrapper.plug-in"; path = SalesforceDesignSystem.bundle; sourceTree = "<group>"; };
		200B16821E49257500BA11A0 /* libSalesforceDesignSystemNames.a */ = {isa = PBXFileReference; explicitFileType = archive.ar; includeInIndex = 0; path = libSalesforceDesignSystemNames.a; sourceTree = BUILT_PRODUCTS_DIR; };
		200B168B1E4925D700BA11A0 /* SalesforceDesignSystemNames.h */ = {isa = PBXFileReference; fileEncoding = 4; lastKnownFileType = sourcecode.c.h; path = SalesforceDesignSystemNames.h; sourceTree = "<group>"; };
		206475291E4AAF6E00DD9CFB /* NSString+SLDSName.h */ = {isa = PBXFileReference; fileEncoding = 4; lastKnownFileType = sourcecode.c.h; name = "NSString+SLDSName.h"; path = "Generated/Extensions/NSString+SLDSName.h"; sourceTree = "<group>"; };
		2064752A1E4AAF6E00DD9CFB /* NSString+SLDSName.m */ = {isa = PBXFileReference; fileEncoding = 4; lastKnownFileType = sourcecode.c.objc; name = "NSString+SLDSName.m"; path = "Generated/Extensions/NSString+SLDSName.m"; sourceTree = "<group>"; };
		2064752B1E4AAF6E00DD9CFB /* UIColor+SLDSColor.h */ = {isa = PBXFileReference; fileEncoding = 4; lastKnownFileType = sourcecode.c.h; name = "UIColor+SLDSColor.h"; path = "Generated/Extensions/UIColor+SLDSColor.h"; sourceTree = "<group>"; };
		2064752C1E4AAF6E00DD9CFB /* UIColor+SLDSColor.m */ = {isa = PBXFileReference; fileEncoding = 4; lastKnownFileType = sourcecode.c.objc; name = "UIColor+SLDSColor.m"; path = "Generated/Extensions/UIColor+SLDSColor.m"; sourceTree = "<group>"; };
		2064752D1E4AAF6E00DD9CFB /* UIFont+SLDSFont.h */ = {isa = PBXFileReference; fileEncoding = 4; lastKnownFileType = sourcecode.c.h; name = "UIFont+SLDSFont.h"; path = "Generated/Extensions/UIFont+SLDSFont.h"; sourceTree = "<group>"; };
		2064752E1E4AAF6E00DD9CFB /* UIFont+SLDSFont.m */ = {isa = PBXFileReference; fileEncoding = 4; lastKnownFileType = sourcecode.c.objc; name = "UIFont+SLDSFont.m"; path = "Generated/Extensions/UIFont+SLDSFont.m"; sourceTree = "<group>"; };
		2064752F1E4AAF6E00DD9CFB /* UIImage+SLDSIcon.h */ = {isa = PBXFileReference; fileEncoding = 4; lastKnownFileType = sourcecode.c.h; name = "UIImage+SLDSIcon.h"; path = "Generated/Extensions/UIImage+SLDSIcon.h"; sourceTree = "<group>"; };
		206475301E4AAF6E00DD9CFB /* UIImage+SLDSIcon.m */ = {isa = PBXFileReference; fileEncoding = 4; lastKnownFileType = sourcecode.c.objc; name = "UIImage+SLDSIcon.m"; path = "Generated/Extensions/UIImage+SLDSIcon.m"; sourceTree = "<group>"; };
		206475391E4AAF7600DD9CFB /* SLDSColor.h */ = {isa = PBXFileReference; fileEncoding = 4; lastKnownFileType = sourcecode.c.h; name = SLDSColor.h; path = Generated/SLDSColor.h; sourceTree = "<group>"; };
		2064753A1E4AAF7600DD9CFB /* SLDSFont.h */ = {isa = PBXFileReference; fileEncoding = 4; lastKnownFileType = sourcecode.c.h; name = SLDSFont.h; path = Generated/SLDSFont.h; sourceTree = "<group>"; };
		2064753B1E4AAF7600DD9CFB /* SLDSIcon.h */ = {isa = PBXFileReference; fileEncoding = 4; lastKnownFileType = sourcecode.c.h; name = SLDSIcon.h; path = Generated/SLDSIcon.h; sourceTree = "<group>"; };
		2064753C1E4AAF7600DD9CFB /* SLDSName.h */ = {isa = PBXFileReference; fileEncoding = 4; lastKnownFileType = sourcecode.c.h; name = SLDSName.h; path = Generated/SLDSName.h; sourceTree = "<group>"; };
		2064753D1E4AAF7600DD9CFB /* SLDSSize.h */ = {isa = PBXFileReference; fileEncoding = 4; lastKnownFileType = sourcecode.c.h; name = SLDSSize.h; path = Generated/SLDSSize.h; sourceTree = "<group>"; };
/* End PBXFileReference section */

/* Begin PBXFrameworksBuildPhase section */
		051031E31B29F1020094A6B2 /* Frameworks */ = {
			isa = PBXFrameworksBuildPhase;
			buildActionMask = 2147483647;
			files = (
				0516E9561B4D9D2400F8B6B0 /* CoreText.framework in Frameworks */,
				051032011B29F15C0094A6B2 /* UIKit.framework in Frameworks */,
			);
			runOnlyForDeploymentPostprocessing = 0;
		};
		200B167F1E49257500BA11A0 /* Frameworks */ = {
			isa = PBXFrameworksBuildPhase;
			buildActionMask = 2147483647;
			files = (
			);
			runOnlyForDeploymentPostprocessing = 0;
		};
/* End PBXFrameworksBuildPhase section */

/* Begin PBXGroup section */
		051031DD1B29F1020094A6B2 = {
			isa = PBXGroup;
			children = (
				0567E44A1B79552800025C6E /* SalesforceDesignSystem.bundle */,
				0516E9551B4D9D2400F8B6B0 /* CoreText.framework */,
				051032001B29F15C0094A6B2 /* UIKit.framework */,
				051031E81B29F1020094A6B2 /* SalesforceDesignSystem */,
				051031E71B29F1020094A6B2 /* Products */,
			);
			sourceTree = "<group>";
		};
		051031E71B29F1020094A6B2 /* Products */ = {
			isa = PBXGroup;
			children = (
				051031E61B29F1020094A6B2 /* libSalesforceDesignSystem.a */,
				200B16821E49257500BA11A0 /* libSalesforceDesignSystemNames.a */,
			);
			name = Products;
			sourceTree = "<group>";
		};
		051031E81B29F1020094A6B2 /* SalesforceDesignSystem */ = {
			isa = PBXGroup;
			children = (
				206475271E4AAF5800DD9CFB /* Generated */,
				200B168B1E4925D700BA11A0 /* SalesforceDesignSystemNames.h */,
				051031E91B29F1020094A6B2 /* SalesforceDesignSystem.h */,
			);
			path = SalesforceDesignSystem;
			sourceTree = "<group>";
		};
		206475271E4AAF5800DD9CFB /* Generated */ = {
			isa = PBXGroup;
			children = (
				206475391E4AAF7600DD9CFB /* SLDSColor.h */,
				2064753A1E4AAF7600DD9CFB /* SLDSFont.h */,
				2064753B1E4AAF7600DD9CFB /* SLDSIcon.h */,
				2064753C1E4AAF7600DD9CFB /* SLDSName.h */,
				2064753D1E4AAF7600DD9CFB /* SLDSSize.h */,
				206475281E4AAF6300DD9CFB /* Extensions */,
			);
			name = Generated;
			sourceTree = "<group>";
		};
		206475281E4AAF6300DD9CFB /* Extensions */ = {
			isa = PBXGroup;
			children = (
				206475291E4AAF6E00DD9CFB /* NSString+SLDSName.h */,
				2064752A1E4AAF6E00DD9CFB /* NSString+SLDSName.m */,
				2064752B1E4AAF6E00DD9CFB /* UIColor+SLDSColor.h */,
				2064752C1E4AAF6E00DD9CFB /* UIColor+SLDSColor.m */,
				2064752D1E4AAF6E00DD9CFB /* UIFont+SLDSFont.h */,
				2064752E1E4AAF6E00DD9CFB /* UIFont+SLDSFont.m */,
				2064752F1E4AAF6E00DD9CFB /* UIImage+SLDSIcon.h */,
				206475301E4AAF6E00DD9CFB /* UIImage+SLDSIcon.m */,
			);
			name = Extensions;
			sourceTree = "<group>";
		};
/* End PBXGroup section */

/* Begin PBXHeadersBuildPhase section */
		051032021B29F1730094A6B2 /* Headers */ = {
			isa = PBXHeadersBuildPhase;
			buildActionMask = 2147483647;
			files = (
				206475351E4AAF6E00DD9CFB /* UIFont+SLDSFont.h in Headers */,
				206475331E4AAF6E00DD9CFB /* UIColor+SLDSColor.h in Headers */,
				206475371E4AAF6E00DD9CFB /* UIImage+SLDSIcon.h in Headers */,
				2064753E1E4AAF7600DD9CFB /* SLDSColor.h in Headers */,
				2064753F1E4AAF7600DD9CFB /* SLDSFont.h in Headers */,
				206475401E4AAF7600DD9CFB /* SLDSIcon.h in Headers */,
				206475421E4AAF7600DD9CFB /* SLDSSize.h in Headers */,
				051032031B29F17C0094A6B2 /* SalesforceDesignSystem.h in Headers */,
			);
			runOnlyForDeploymentPostprocessing = 0;
		};
		200B169F1E4930C400BA11A0 /* Headers */ = {
			isa = PBXHeadersBuildPhase;
			buildActionMask = 2147483647;
			files = (
				206475431E4AAF8100DD9CFB /* SLDSName.h in Headers */,
				206475441E4AAFA600DD9CFB /* NSString+SLDSName.h in Headers */,
				200B16A21E4930D800BA11A0 /* SalesforceDesignSystemNames.h in Headers */,
			);
			runOnlyForDeploymentPostprocessing = 0;
		};
/* End PBXHeadersBuildPhase section */

/* Begin PBXNativeTarget section */
		051031E51B29F1020094A6B2 /* SalesforceDesignSystem */ = {
			isa = PBXNativeTarget;
			buildConfigurationList = 051031FA1B29F1020094A6B2 /* Build configuration list for PBXNativeTarget "SalesforceDesignSystem" */;
			buildPhases = (
				051031E21B29F1020094A6B2 /* Sources */,
				051031E31B29F1020094A6B2 /* Frameworks */,
				051032021B29F1730094A6B2 /* Headers */,
			);
			buildRules = (
			);
			dependencies = (
			);
			name = SalesforceDesignSystem;
			productName = SalesforceDesignSystem;
			productReference = 051031E61B29F1020094A6B2 /* libSalesforceDesignSystem.a */;
			productType = "com.apple.product-type.library.static";
		};
		200B16811E49257500BA11A0 /* SalesforceDesignSystemNames */ = {
			isa = PBXNativeTarget;
			buildConfigurationList = 200B168A1E49257500BA11A0 /* Build configuration list for PBXNativeTarget "SalesforceDesignSystemNames" */;
			buildPhases = (
				200B167E1E49257500BA11A0 /* Sources */,
				200B167F1E49257500BA11A0 /* Frameworks */,
				200B169F1E4930C400BA11A0 /* Headers */,
			);
			buildRules = (
			);
			dependencies = (
			);
			name = SalesforceDesignSystemNames;
			productName = "SalesforceDesignSystem-WithNames";
			productReference = 200B16821E49257500BA11A0 /* libSalesforceDesignSystemNames.a */;
			productType = "com.apple.product-type.library.static";
		};
/* End PBXNativeTarget section */

/* Begin PBXProject section */
		051031DE1B29F1020094A6B2 /* Project object */ = {
			isa = PBXProject;
			attributes = {
				LastSwiftUpdateCheck = 0700;
				LastUpgradeCheck = 0800;
				ORGANIZATIONNAME = "Salesforce UX";
				TargetAttributes = {
					051031E51B29F1020094A6B2 = {
						CreatedOnToolsVersion = 6.3.2;
					};
					200B16811E49257500BA11A0 = {
						CreatedOnToolsVersion = 8.2.1;
						DevelopmentTeam = 4WQ2T93P22;
						ProvisioningStyle = Automatic;
					};
				};
			};
			buildConfigurationList = 051031E11B29F1020094A6B2 /* Build configuration list for PBXProject "SalesforceDesignSystem" */;
			compatibilityVersion = "Xcode 3.2";
			developmentRegion = English;
			hasScannedForEncodings = 0;
			knownRegions = (
				en,
			);
			mainGroup = 051031DD1B29F1020094A6B2;
			productRefGroup = 051031E71B29F1020094A6B2 /* Products */;
			projectDirPath = "";
			projectRoot = "";
			targets = (
				051031E51B29F1020094A6B2 /* SalesforceDesignSystem */,
				200B16811E49257500BA11A0 /* SalesforceDesignSystemNames */,
			);
		};
/* End PBXProject section */

/* Begin PBXSourcesBuildPhase section */
		051031E21B29F1020094A6B2 /* Sources */ = {
			isa = PBXSourcesBuildPhase;
			buildActionMask = 2147483647;
			files = (
				206475381E4AAF6E00DD9CFB /* UIImage+SLDSIcon.m in Sources */,
				206475361E4AAF6E00DD9CFB /* UIFont+SLDSFont.m in Sources */,
				206475341E4AAF6E00DD9CFB /* UIColor+SLDSColor.m in Sources */,
			);
			runOnlyForDeploymentPostprocessing = 0;
		};
		200B167E1E49257500BA11A0 /* Sources */ = {
			isa = PBXSourcesBuildPhase;
			buildActionMask = 2147483647;
			files = (
				206475471E4AAFBC00DD9CFB /* NSString+SLDSName.m in Sources */,
			);
			runOnlyForDeploymentPostprocessing = 0;
		};
/* End PBXSourcesBuildPhase section */

/* Begin XCBuildConfiguration section */
		051031F81B29F1020094A6B2 /* Debug */ = {
			isa = XCBuildConfiguration;
			buildSettings = {
				ALWAYS_SEARCH_USER_PATHS = NO;
				CLANG_CXX_LANGUAGE_STANDARD = "gnu++0x";
				CLANG_CXX_LIBRARY = "libc++";
				CLANG_ENABLE_MODULES = YES;
				CLANG_ENABLE_OBJC_ARC = YES;
				CLANG_WARN_BOOL_CONVERSION = YES;
				CLANG_WARN_CONSTANT_CONVERSION = YES;
				CLANG_WARN_DIRECT_OBJC_ISA_USAGE = YES_ERROR;
				CLANG_WARN_EMPTY_BODY = YES;
				CLANG_WARN_ENUM_CONVERSION = YES;
				CLANG_WARN_INFINITE_RECURSION = YES;
				CLANG_WARN_INT_CONVERSION = YES;
				CLANG_WARN_OBJC_ROOT_CLASS = YES_ERROR;
				CLANG_WARN_SUSPICIOUS_MOVE = YES;
				CLANG_WARN_UNREACHABLE_CODE = YES;
				CLANG_WARN__DUPLICATE_METHOD_MATCH = YES;
				COPY_PHASE_STRIP = NO;
				DEBUG_INFORMATION_FORMAT = "dwarf-with-dsym";
				ENABLE_STRICT_OBJC_MSGSEND = YES;
				ENABLE_TESTABILITY = YES;
				GCC_C_LANGUAGE_STANDARD = gnu99;
				GCC_DYNAMIC_NO_PIC = NO;
				GCC_NO_COMMON_BLOCKS = YES;
				GCC_OPTIMIZATION_LEVEL = 0;
				GCC_PREPROCESSOR_DEFINITIONS = (
					"DEBUG=1",
					"$(inherited)",
				);
				GCC_SYMBOLS_PRIVATE_EXTERN = NO;
				GCC_WARN_64_TO_32_BIT_CONVERSION = YES;
				GCC_WARN_ABOUT_RETURN_TYPE = YES_ERROR;
				GCC_WARN_UNDECLARED_SELECTOR = YES;
				GCC_WARN_UNINITIALIZED_AUTOS = YES_AGGRESSIVE;
				GCC_WARN_UNUSED_FUNCTION = YES;
				GCC_WARN_UNUSED_VARIABLE = YES;
				IPHONEOS_DEPLOYMENT_TARGET = 10.2;
				MTL_ENABLE_DEBUG_INFO = YES;
				ONLY_ACTIVE_ARCH = YES;
				SDKROOT = iphoneos;
			};
			name = Debug;
		};
		051031F91B29F1020094A6B2 /* Release */ = {
			isa = XCBuildConfiguration;
			buildSettings = {
				ALWAYS_SEARCH_USER_PATHS = NO;
				CLANG_CXX_LANGUAGE_STANDARD = "gnu++0x";
				CLANG_CXX_LIBRARY = "libc++";
				CLANG_ENABLE_MODULES = YES;
				CLANG_ENABLE_OBJC_ARC = YES;
				CLANG_WARN_BOOL_CONVERSION = YES;
				CLANG_WARN_CONSTANT_CONVERSION = YES;
				CLANG_WARN_DIRECT_OBJC_ISA_USAGE = YES_ERROR;
				CLANG_WARN_EMPTY_BODY = YES;
				CLANG_WARN_ENUM_CONVERSION = YES;
				CLANG_WARN_INFINITE_RECURSION = YES;
				CLANG_WARN_INT_CONVERSION = YES;
				CLANG_WARN_OBJC_ROOT_CLASS = YES_ERROR;
				CLANG_WARN_SUSPICIOUS_MOVE = YES;
				CLANG_WARN_UNREACHABLE_CODE = YES;
				CLANG_WARN__DUPLICATE_METHOD_MATCH = YES;
				COPY_PHASE_STRIP = NO;
				DEBUG_INFORMATION_FORMAT = "dwarf-with-dsym";
				ENABLE_NS_ASSERTIONS = NO;
				ENABLE_STRICT_OBJC_MSGSEND = YES;
				GCC_C_LANGUAGE_STANDARD = gnu99;
				GCC_NO_COMMON_BLOCKS = YES;
				GCC_WARN_64_TO_32_BIT_CONVERSION = YES;
				GCC_WARN_ABOUT_RETURN_TYPE = YES_ERROR;
				GCC_WARN_UNDECLARED_SELECTOR = YES;
				GCC_WARN_UNINITIALIZED_AUTOS = YES_AGGRESSIVE;
				GCC_WARN_UNUSED_FUNCTION = YES;
				GCC_WARN_UNUSED_VARIABLE = YES;
				IPHONEOS_DEPLOYMENT_TARGET = 10.2;
				MTL_ENABLE_DEBUG_INFO = NO;
				SDKROOT = iphoneos;
				VALIDATE_PRODUCT = YES;
			};
			name = Release;
		};
		051031FB1B29F1020094A6B2 /* Debug */ = {
			isa = XCBuildConfiguration;
			buildSettings = {
				CLANG_ENABLE_MODULES = YES;
				DEAD_CODE_STRIPPING = YES;
				IPHONEOS_DEPLOYMENT_TARGET = 10.2;
				LD_RUNPATH_SEARCH_PATHS = "$(inherited) @executable_path/Frameworks @loader_path/Frameworks";
				OTHER_LDFLAGS = "-ObjC";
				PRODUCT_NAME = "$(TARGET_NAME)";
				PUBLIC_HEADERS_FOLDER_PATH = "include/$(PROJECT_NAME)";
				SKIP_INSTALL = YES;
				STRIP_STYLE = "non-global";
				SWIFT_OBJC_BRIDGING_HEADER = "SalesforceDesignSystem-Bridging-Header.h";
				SWIFT_OPTIMIZATION_LEVEL = "-Onone";
			};
			name = Debug;
		};
		051031FC1B29F1020094A6B2 /* Release */ = {
			isa = XCBuildConfiguration;
			buildSettings = {
				CLANG_ENABLE_MODULES = YES;
				DEAD_CODE_STRIPPING = YES;
				IPHONEOS_DEPLOYMENT_TARGET = 10.2;
				LD_RUNPATH_SEARCH_PATHS = "$(inherited) @executable_path/Frameworks @loader_path/Frameworks";
				OTHER_LDFLAGS = "-ObjC";
				PRODUCT_NAME = "$(TARGET_NAME)";
				PUBLIC_HEADERS_FOLDER_PATH = "include/$(PROJECT_NAME)";
				SKIP_INSTALL = YES;
				STRIP_STYLE = "non-global";
				SWIFT_OBJC_BRIDGING_HEADER = "SalesforceDesignSystem-Bridging-Header.h";
			};
			name = Release;
		};
		200B16881E49257500BA11A0 /* Debug */ = {
			isa = XCBuildConfiguration;
			buildSettings = {
				CLANG_ANALYZER_NONNULL = YES;
				CLANG_WARN_DOCUMENTATION_COMMENTS = YES;
				"CODE_SIGN_IDENTITY[sdk=iphoneos*]" = "";
				DEBUG_INFORMATION_FORMAT = "dwarf-with-dsym";
				IPHONEOS_DEPLOYMENT_TARGET = 10.2;
				LD_RUNPATH_SEARCH_PATHS = "$(inherited)";
				OTHER_LDFLAGS = "-ObjC";
				PRODUCT_NAME = "$(TARGET_NAME)";
				PUBLIC_HEADERS_FOLDER_PATH = "include/$(PROJECT_NAME)";
				SKIP_INSTALL = YES;
				STRIP_STYLE = "non-global";
			};
			name = Debug;
		};
		200B16891E49257500BA11A0 /* Release */ = {
			isa = XCBuildConfiguration;
			buildSettings = {
				CLANG_ANALYZER_NONNULL = YES;
				CLANG_WARN_DOCUMENTATION_COMMENTS = YES;
				"CODE_SIGN_IDENTITY[sdk=iphoneos*]" = "";
				DEBUG_INFORMATION_FORMAT = "dwarf-with-dsym";
				IPHONEOS_DEPLOYMENT_TARGET = 10.2;
				LD_RUNPATH_SEARCH_PATHS = "$(inherited)";
				OTHER_LDFLAGS = "-ObjC";
				PRODUCT_NAME = "$(TARGET_NAME)";
				PUBLIC_HEADERS_FOLDER_PATH = "include/$(PROJECT_NAME)";
				SKIP_INSTALL = YES;
				STRIP_STYLE = "non-global";
			};
			name = Release;
		};
/* End XCBuildConfiguration section */

/* Begin XCConfigurationList section */
		051031E11B29F1020094A6B2 /* Build configuration list for PBXProject "SalesforceDesignSystem" */ = {
			isa = XCConfigurationList;
			buildConfigurations = (
				051031F81B29F1020094A6B2 /* Debug */,
				051031F91B29F1020094A6B2 /* Release */,
			);
			defaultConfigurationIsVisible = 0;
			defaultConfigurationName = Release;
		};
		051031FA1B29F1020094A6B2 /* Build configuration list for PBXNativeTarget "SalesforceDesignSystem" */ = {
			isa = XCConfigurationList;
			buildConfigurations = (
				051031FB1B29F1020094A6B2 /* Debug */,
				051031FC1B29F1020094A6B2 /* Release */,
			);
			defaultConfigurationIsVisible = 0;
			defaultConfigurationName = Release;
		};
		200B168A1E49257500BA11A0 /* Build configuration list for PBXNativeTarget "SalesforceDesignSystemNames" */ = {
			isa = XCConfigurationList;
			buildConfigurations = (
				200B16881E49257500BA11A0 /* Debug */,
				200B16891E49257500BA11A0 /* Release */,
			);
			defaultConfigurationIsVisible = 0;
			defaultConfigurationName = Release;
		};
/* End XCConfigurationList section */
	};
	rootObject = 051031DE1B29F1020094A6B2 /* Project object */;
}
