// !$*UTF8*$!
{
	archiveVersion = 1;
	classes = {
	};
	objectVersion = 46;
	objects = {

/* Begin PBXBuildFile section */
		051032011B29F15C0094A6B2 /* UIKit.framework in Frameworks */ = {isa = PBXBuildFile; fileRef = 051032001B29F15C0094A6B2 /* UIKit.framework */; };
		051032031B29F17C0094A6B2 /* SalesforceDesignSystem.h in Headers */ = {isa = PBXBuildFile; fileRef = 051031E91B29F1020094A6B2 /* SalesforceDesignSystem.h */; settings = {ATTRIBUTES = (Public, ); }; };
		0516E9561B4D9D2400F8B6B0 /* CoreText.framework in Frameworks */ = {isa = PBXBuildFile; fileRef = 0516E9551B4D9D2400F8B6B0 /* CoreText.framework */; };
		052B1F2A1B9686A5003CCCCC /* DesignSystem.h in Headers */ = {isa = PBXBuildFile; fileRef = 052B1F281B9686A5003CCCCC /* DesignSystem.h */; settings = {ATTRIBUTES = (Public, ); }; };
		05D89AFC1D808A3D00516C3C /* SLDSFont.h in Headers */ = {isa = PBXBuildFile; fileRef = 05D89ADD1D808A3D00516C3C /* SLDSFont.h */; settings = {ATTRIBUTES = (Public, ); }; };
		05D89AFD1D808A3D00516C3C /* SLDSFont.m in Sources */ = {isa = PBXBuildFile; fileRef = 05D89ADE1D808A3D00516C3C /* SLDSFont.m */; };
		20F463991E2576F90049AA6D /* UIColor+SLDSColor.h in Headers */ = {isa = PBXBuildFile; fileRef = 20F463971E2576F90049AA6D /* UIColor+SLDSColor.h */; settings = {ATTRIBUTES = (Public, ); }; };
		20F4639A1E2576F90049AA6D /* UIColor+SLDSColor.m in Sources */ = {isa = PBXBuildFile; fileRef = 20F463981E2576F90049AA6D /* UIColor+SLDSColor.m */; };
		20F4639D1E2577020049AA6D /* SLDSColor.h in Headers */ = {isa = PBXBuildFile; fileRef = 20F4639B1E2577020049AA6D /* SLDSColor.h */; settings = {ATTRIBUTES = (Public, ); }; };
		20F4639E1E2577020049AA6D /* SLDSColor.m in Sources */ = {isa = PBXBuildFile; fileRef = 20F4639C1E2577020049AA6D /* SLDSColor.m */; };
		20F463A11E25779E0049AA6D /* UIFont+SLDSFont.h in Headers */ = {isa = PBXBuildFile; fileRef = 20F4639F1E25779E0049AA6D /* UIFont+SLDSFont.h */; settings = {ATTRIBUTES = (Public, ); }; };
		20F463A21E25779E0049AA6D /* UIFont+SLDSFont.m in Sources */ = {isa = PBXBuildFile; fileRef = 20F463A01E25779E0049AA6D /* UIFont+SLDSFont.m */; };
/* End PBXBuildFile section */

/* Begin PBXFileReference section */
		051031E61B29F1020094A6B2 /* libSalesforceDesignSystem.a */ = {isa = PBXFileReference; explicitFileType = archive.ar; includeInIndex = 0; path = libSalesforceDesignSystem.a; sourceTree = BUILT_PRODUCTS_DIR; };
		051031E91B29F1020094A6B2 /* SalesforceDesignSystem.h */ = {isa = PBXFileReference; lastKnownFileType = sourcecode.c.h; path = SalesforceDesignSystem.h; sourceTree = "<group>"; };
		051032001B29F15C0094A6B2 /* UIKit.framework */ = {isa = PBXFileReference; lastKnownFileType = wrapper.framework; name = UIKit.framework; path = System/Library/Frameworks/UIKit.framework; sourceTree = SDKROOT; };
		051032221B29FEA50094A6B2 /* .gitignore */ = {isa = PBXFileReference; fileEncoding = 4; lastKnownFileType = text; path = .gitignore; sourceTree = "<group>"; };
		0516E9551B4D9D2400F8B6B0 /* CoreText.framework */ = {isa = PBXFileReference; lastKnownFileType = wrapper.framework; name = CoreText.framework; path = System/Library/Frameworks/CoreText.framework; sourceTree = SDKROOT; };
		052B1F281B9686A5003CCCCC /* DesignSystem.h */ = {isa = PBXFileReference; fileEncoding = 4; lastKnownFileType = sourcecode.c.h; path = DesignSystem.h; sourceTree = "<group>"; };
		0539D1A51B685CB700A7DFD2 /* SLDSIconLabelActionTemplate.h */ = {isa = PBXFileReference; lastKnownFileType = sourcecode.c.h; name = SLDSIconLabelActionTemplate.h; path = Templates/SLDSIconLabelActionTemplate.h; sourceTree = "<group>"; };
		0539D1A61B685CB700A7DFD2 /* SLDSIconLabelActionTemplate.m */ = {isa = PBXFileReference; lastKnownFileType = sourcecode.c.objc; name = SLDSIconLabelActionTemplate.m; path = Templates/SLDSIconLabelActionTemplate.m; sourceTree = "<group>"; };
		055D1E701B5DE52C00987466 /* SLDSIconUtilityTemplate.h */ = {isa = PBXFileReference; lastKnownFileType = sourcecode.c.h; name = SLDSIconUtilityTemplate.h; path = Templates/SLDSIconUtilityTemplate.h; sourceTree = "<group>"; };
		055D1E711B5DE52C00987466 /* SLDSIconUtilityTemplate.m */ = {isa = PBXFileReference; lastKnownFileType = sourcecode.c.objc; name = SLDSIconUtilityTemplate.m; path = Templates/SLDSIconUtilityTemplate.m; sourceTree = "<group>"; };
		055D1E7C1B5E159700987466 /* SLDSIconActionTemplate.h */ = {isa = PBXFileReference; fileEncoding = 4; lastKnownFileType = sourcecode.c.h; name = SLDSIconActionTemplate.h; path = Templates/SLDSIconActionTemplate.h; sourceTree = "<group>"; };
		055D1E7D1B5E159700987466 /* SLDSIconActionTemplate.m */ = {isa = PBXFileReference; fileEncoding = 4; lastKnownFileType = sourcecode.c.objc; name = SLDSIconActionTemplate.m; path = Templates/SLDSIconActionTemplate.m; sourceTree = "<group>"; };
		0567E44A1B79552800025C6E /* SalesforceDesignSystem.bundle */ = {isa = PBXFileReference; lastKnownFileType = "wrapper.plug-in"; path = SalesforceDesignSystem.bundle; sourceTree = "<group>"; };
		0569F8C31B6047A6009FF8FE /* SLDSIconCustomTemplate.h */ = {isa = PBXFileReference; lastKnownFileType = sourcecode.c.h; name = SLDSIconCustomTemplate.h; path = Templates/SLDSIconCustomTemplate.h; sourceTree = "<group>"; };
		0569F8C41B6047A6009FF8FE /* SLDSIconCustomTemplate.m */ = {isa = PBXFileReference; lastKnownFileType = sourcecode.c.objc; name = SLDSIconCustomTemplate.m; path = Templates/SLDSIconCustomTemplate.m; sourceTree = "<group>"; };
		0569F8D71B605453009FF8FE /* SLDSIconStandardTemplate.h */ = {isa = PBXFileReference; lastKnownFileType = sourcecode.c.h; name = SLDSIconStandardTemplate.h; path = Templates/SLDSIconStandardTemplate.h; sourceTree = "<group>"; };
		0569F8D81B605453009FF8FE /* SLDSIconStandardTemplate.m */ = {isa = PBXFileReference; lastKnownFileType = sourcecode.c.objc; name = SLDSIconStandardTemplate.m; path = Templates/SLDSIconStandardTemplate.m; sourceTree = "<group>"; };
		056AFA001B4DBA8400C14197 /* SLDSColorAliasTemplate.h */ = {isa = PBXFileReference; fileEncoding = 4; lastKnownFileType = sourcecode.c.h; name = SLDSColorAliasTemplate.h; path = Templates/SLDSColorAliasTemplate.h; sourceTree = "<group>"; };
		056AFA011B4DBA8400C14197 /* SLDSColorAliasTemplate.m */ = {isa = PBXFileReference; fileEncoding = 4; lastKnownFileType = sourcecode.c.objc; name = SLDSColorAliasTemplate.m; path = Templates/SLDSColorAliasTemplate.m; sourceTree = "<group>"; };
		056AFA021B4DBA8400C14197 /* SLDSColorBgTemplate.h */ = {isa = PBXFileReference; fileEncoding = 4; lastKnownFileType = sourcecode.c.h; name = SLDSColorBgTemplate.h; path = Templates/SLDSColorBgTemplate.h; sourceTree = "<group>"; };
		056AFA031B4DBA8400C14197 /* SLDSColorBgTemplate.m */ = {isa = PBXFileReference; fileEncoding = 4; lastKnownFileType = sourcecode.c.objc; name = SLDSColorBgTemplate.m; path = Templates/SLDSColorBgTemplate.m; sourceTree = "<group>"; };
		056AFA041B4DBA8400C14197 /* SLDSColorBrdrTemplate.h */ = {isa = PBXFileReference; fileEncoding = 4; lastKnownFileType = sourcecode.c.h; name = SLDSColorBrdrTemplate.h; path = Templates/SLDSColorBrdrTemplate.h; sourceTree = "<group>"; };
		056AFA051B4DBA8400C14197 /* SLDSColorBrdrTemplate.m */ = {isa = PBXFileReference; fileEncoding = 4; lastKnownFileType = sourcecode.c.objc; name = SLDSColorBrdrTemplate.m; path = Templates/SLDSColorBrdrTemplate.m; sourceTree = "<group>"; };
		056AFA0C1B4DBA8400C14197 /* SLDSColorTxtTemplate.h */ = {isa = PBXFileReference; fileEncoding = 4; lastKnownFileType = sourcecode.c.h; name = SLDSColorTxtTemplate.h; path = Templates/SLDSColorTxtTemplate.h; sourceTree = "<group>"; };
		056AFA0D1B4DBA8400C14197 /* SLDSColorTxtTemplate.m */ = {isa = PBXFileReference; fileEncoding = 4; lastKnownFileType = sourcecode.c.objc; name = SLDSColorTxtTemplate.m; path = Templates/SLDSColorTxtTemplate.m; sourceTree = "<group>"; };
		0576C3DE1B6880EF002A7254 /* SLDSIconLabelStandardTemplate.h */ = {isa = PBXFileReference; lastKnownFileType = sourcecode.c.h; name = SLDSIconLabelStandardTemplate.h; path = Templates/SLDSIconLabelStandardTemplate.h; sourceTree = "<group>"; };
		0576C3DF1B6880EF002A7254 /* SLDSIconLabelStandardTemplate.m */ = {isa = PBXFileReference; lastKnownFileType = sourcecode.c.objc; name = SLDSIconLabelStandardTemplate.m; path = Templates/SLDSIconLabelStandardTemplate.m; sourceTree = "<group>"; };
		05910A001B583CF100C89AEC /* SalesforceDesignSystemExtended.h */ = {isa = PBXFileReference; fileEncoding = 4; lastKnownFileType = sourcecode.c.h; path = SalesforceDesignSystemExtended.h; sourceTree = "<group>"; };
		05D89ADD1D808A3D00516C3C /* SLDSFont.h */ = {isa = PBXFileReference; fileEncoding = 4; lastKnownFileType = sourcecode.c.h; name = SLDSFont.h; path = Generated/SLDSFont.h; sourceTree = "<group>"; };
		05D89ADE1D808A3D00516C3C /* SLDSFont.m */ = {isa = PBXFileReference; fileEncoding = 4; lastKnownFileType = sourcecode.c.objc; name = SLDSFont.m; path = Generated/SLDSFont.m; sourceTree = "<group>"; };
		05EEF0551B694FF2002D5939 /* SLDSIconLabelCustomTemplate.m */ = {isa = PBXFileReference; lastKnownFileType = sourcecode.c.objc; name = SLDSIconLabelCustomTemplate.m; path = Templates/SLDSIconLabelCustomTemplate.m; sourceTree = "<group>"; };
		05EEF0561B694FF2002D5939 /* SLDSIconLabelCustomTemplate.h */ = {isa = PBXFileReference; lastKnownFileType = sourcecode.c.h; name = SLDSIconLabelCustomTemplate.h; path = Templates/SLDSIconLabelCustomTemplate.h; sourceTree = "<group>"; };
		05EEF05F1B69537E002D5939 /* SLDSIconLabelUtilityTemplate.h */ = {isa = PBXFileReference; lastKnownFileType = sourcecode.c.h; name = SLDSIconLabelUtilityTemplate.h; path = Templates/SLDSIconLabelUtilityTemplate.h; sourceTree = "<group>"; };
		05EEF0601B69537E002D5939 /* SLDSIconLabelUtilityTemplate.m */ = {isa = PBXFileReference; lastKnownFileType = sourcecode.c.objc; name = SLDSIconLabelUtilityTemplate.m; path = Templates/SLDSIconLabelUtilityTemplate.m; sourceTree = "<group>"; };
		05EEF0851B69FD47002D5939 /* SLDSFontTemplate.h */ = {isa = PBXFileReference; lastKnownFileType = sourcecode.c.h; name = SLDSFontTemplate.h; path = Templates/SLDSFontTemplate.h; sourceTree = "<group>"; };
		05EEF0861B69FD47002D5939 /* SLDSFontTemplate.m */ = {isa = PBXFileReference; lastKnownFileType = sourcecode.c.objc; name = SLDSFontTemplate.m; path = Templates/SLDSFontTemplate.m; sourceTree = "<group>"; };
		20F463971E2576F90049AA6D /* UIColor+SLDSColor.h */ = {isa = PBXFileReference; fileEncoding = 4; lastKnownFileType = sourcecode.c.h; name = "UIColor+SLDSColor.h"; path = "Generated/Extensions/UIColor+SLDSColor.h"; sourceTree = "<group>"; };
		20F463981E2576F90049AA6D /* UIColor+SLDSColor.m */ = {isa = PBXFileReference; fileEncoding = 4; lastKnownFileType = sourcecode.c.objc; name = "UIColor+SLDSColor.m"; path = "Generated/Extensions/UIColor+SLDSColor.m"; sourceTree = "<group>"; };
		20F4639B1E2577020049AA6D /* SLDSColor.h */ = {isa = PBXFileReference; fileEncoding = 4; lastKnownFileType = sourcecode.c.h; name = SLDSColor.h; path = Generated/SLDSColor.h; sourceTree = "<group>"; };
		20F4639C1E2577020049AA6D /* SLDSColor.m */ = {isa = PBXFileReference; fileEncoding = 4; lastKnownFileType = sourcecode.c.objc; name = SLDSColor.m; path = Generated/SLDSColor.m; sourceTree = "<group>"; };
		20F4639F1E25779E0049AA6D /* UIFont+SLDSFont.h */ = {isa = PBXFileReference; fileEncoding = 4; lastKnownFileType = sourcecode.c.h; path = "UIFont+SLDSFont.h"; sourceTree = "<group>"; };
		20F463A01E25779E0049AA6D /* UIFont+SLDSFont.m */ = {isa = PBXFileReference; fileEncoding = 4; lastKnownFileType = sourcecode.c.objc; path = "UIFont+SLDSFont.m"; sourceTree = "<group>"; };
/* End PBXFileReference section */

/* Begin PBXFrameworksBuildPhase section */
		051031E31B29F1020094A6B2 /* Frameworks */ = {
			isa = PBXFrameworksBuildPhase;
			buildActionMask = 2147483647;
			files = (
				0516E9561B4D9D2400F8B6B0 /* CoreText.framework in Frameworks */,
				051032011B29F15C0094A6B2 /* UIKit.framework in Frameworks */,
			);
			runOnlyForDeploymentPostprocessing = 0;
		};
/* End PBXFrameworksBuildPhase section */

/* Begin PBXGroup section */
		051031DD1B29F1020094A6B2 = {
			isa = PBXGroup;
			children = (
				0567E44A1B79552800025C6E /* SalesforceDesignSystem.bundle */,
				0516E9551B4D9D2400F8B6B0 /* CoreText.framework */,
				051032221B29FEA50094A6B2 /* .gitignore */,
				051032001B29F15C0094A6B2 /* UIKit.framework */,
				051031E81B29F1020094A6B2 /* SalesforceDesignSystem */,
				051031E71B29F1020094A6B2 /* Products */,
			);
			sourceTree = "<group>";
		};
		051031E71B29F1020094A6B2 /* Products */ = {
			isa = PBXGroup;
			children = (
				051031E61B29F1020094A6B2 /* libSalesforceDesignSystem.a */,
			);
			name = Products;
			sourceTree = "<group>";
		};
		051031E81B29F1020094A6B2 /* SalesforceDesignSystem */ = {
			isa = PBXGroup;
			children = (
				052B1F281B9686A5003CCCCC /* DesignSystem.h */,
				05A7B03B1B2A4F3F00B5FB86 /* Generated */,
				051031E91B29F1020094A6B2 /* SalesforceDesignSystem.h */,
				05910A001B583CF100C89AEC /* SalesforceDesignSystemExtended.h */,
				056AF9FF1B4DBA7200C14197 /* Templates */,
			);
			path = SalesforceDesignSystem;
			sourceTree = "<group>";
		};
		056AF9FF1B4DBA7200C14197 /* Templates */ = {
			isa = PBXGroup;
			children = (
				056AFA001B4DBA8400C14197 /* SLDSColorAliasTemplate.h */,
				056AFA011B4DBA8400C14197 /* SLDSColorAliasTemplate.m */,
				056AFA021B4DBA8400C14197 /* SLDSColorBgTemplate.h */,
				056AFA031B4DBA8400C14197 /* SLDSColorBgTemplate.m */,
				056AFA041B4DBA8400C14197 /* SLDSColorBrdrTemplate.h */,
				056AFA051B4DBA8400C14197 /* SLDSColorBrdrTemplate.m */,
				056AFA0C1B4DBA8400C14197 /* SLDSColorTxtTemplate.h */,
				056AFA0D1B4DBA8400C14197 /* SLDSColorTxtTemplate.m */,
				05EEF0851B69FD47002D5939 /* SLDSFontTemplate.h */,
				05EEF0861B69FD47002D5939 /* SLDSFontTemplate.m */,
				055D1E7C1B5E159700987466 /* SLDSIconActionTemplate.h */,
				055D1E7D1B5E159700987466 /* SLDSIconActionTemplate.m */,
				0569F8C31B6047A6009FF8FE /* SLDSIconCustomTemplate.h */,
				0569F8C41B6047A6009FF8FE /* SLDSIconCustomTemplate.m */,
				0539D1A51B685CB700A7DFD2 /* SLDSIconLabelActionTemplate.h */,
				0539D1A61B685CB700A7DFD2 /* SLDSIconLabelActionTemplate.m */,
				05EEF0561B694FF2002D5939 /* SLDSIconLabelCustomTemplate.h */,
				05EEF0551B694FF2002D5939 /* SLDSIconLabelCustomTemplate.m */,
				0576C3DE1B6880EF002A7254 /* SLDSIconLabelStandardTemplate.h */,
				0576C3DF1B6880EF002A7254 /* SLDSIconLabelStandardTemplate.m */,
				05EEF05F1B69537E002D5939 /* SLDSIconLabelUtilityTemplate.h */,
				05EEF0601B69537E002D5939 /* SLDSIconLabelUtilityTemplate.m */,
				0569F8D71B605453009FF8FE /* SLDSIconStandardTemplate.h */,
				0569F8D81B605453009FF8FE /* SLDSIconStandardTemplate.m */,
				055D1E701B5DE52C00987466 /* SLDSIconUtilityTemplate.h */,
				055D1E711B5DE52C00987466 /* SLDSIconUtilityTemplate.m */,
			);
			name = Templates;
			sourceTree = "<group>";
		};
		05A7B03B1B2A4F3F00B5FB86 /* Generated */ = {
			isa = PBXGroup;
			children = (
				20F4639F1E25779E0049AA6D /* UIFont+SLDSFont.h */,
				20F463A01E25779E0049AA6D /* UIFont+SLDSFont.m */,
				20F4639B1E2577020049AA6D /* SLDSColor.h */,
				20F4639C1E2577020049AA6D /* SLDSColor.m */,
				20F463961E2576C00049AA6D /* Extensions */,
				05D89ADD1D808A3D00516C3C /* SLDSFont.h */,
				05D89ADE1D808A3D00516C3C /* SLDSFont.m */,
			);
			name = Generated;
			sourceTree = "<group>";
		};
		20F463961E2576C00049AA6D /* Extensions */ = {
			isa = PBXGroup;
			children = (
				20F463971E2576F90049AA6D /* UIColor+SLDSColor.h */,
				20F463981E2576F90049AA6D /* UIColor+SLDSColor.m */,
			);
			name = Extensions;
			sourceTree = "<group>";
		};
/* End PBXGroup section */

/* Begin PBXHeadersBuildPhase section */
		051032021B29F1730094A6B2 /* Headers */ = {
			isa = PBXHeadersBuildPhase;
			buildActionMask = 2147483647;
			files = (
				20F463A11E25779E0049AA6D /* UIFont+SLDSFont.h in Headers */,
				20F4639D1E2577020049AA6D /* SLDSColor.h in Headers */,
				20F463991E2576F90049AA6D /* UIColor+SLDSColor.h in Headers */,
				051032031B29F17C0094A6B2 /* SalesforceDesignSystem.h in Headers */,
				05D89AFC1D808A3D00516C3C /* SLDSFont.h in Headers */,
				052B1F2A1B9686A5003CCCCC /* DesignSystem.h in Headers */,
			);
			runOnlyForDeploymentPostprocessing = 0;
		};
/* End PBXHeadersBuildPhase section */

/* Begin PBXNativeTarget section */
		051031E51B29F1020094A6B2 /* SalesforceDesignSystem */ = {
			isa = PBXNativeTarget;
			buildConfigurationList = 051031FA1B29F1020094A6B2 /* Build configuration list for PBXNativeTarget "SalesforceDesignSystem" */;
			buildPhases = (
				051031E21B29F1020094A6B2 /* Sources */,
				051031E31B29F1020094A6B2 /* Frameworks */,
				051032021B29F1730094A6B2 /* Headers */,
			);
			buildRules = (
			);
			dependencies = (
			);
			name = SalesforceDesignSystem;
			productName = SalesforceDesignSystem;
			productReference = 051031E61B29F1020094A6B2 /* libSalesforceDesignSystem.a */;
			productType = "com.apple.product-type.library.static";
		};
/* End PBXNativeTarget section */

/* Begin PBXProject section */
		051031DE1B29F1020094A6B2 /* Project object */ = {
			isa = PBXProject;
			attributes = {
				LastSwiftUpdateCheck = 0700;
				LastUpgradeCheck = 0800;
				ORGANIZATIONNAME = "Salesforce UX";
				TargetAttributes = {
					051031E51B29F1020094A6B2 = {
						CreatedOnToolsVersion = 6.3.2;
					};
				};
			};
			buildConfigurationList = 051031E11B29F1020094A6B2 /* Build configuration list for PBXProject "SalesforceDesignSystem" */;
			compatibilityVersion = "Xcode 3.2";
			developmentRegion = English;
			hasScannedForEncodings = 0;
			knownRegions = (
				en,
			);
			mainGroup = 051031DD1B29F1020094A6B2;
			productRefGroup = 051031E71B29F1020094A6B2 /* Products */;
			projectDirPath = "";
			projectRoot = "";
			targets = (
				051031E51B29F1020094A6B2 /* SalesforceDesignSystem */,
			);
		};
/* End PBXProject section */

/* Begin PBXSourcesBuildPhase section */
		051031E21B29F1020094A6B2 /* Sources */ = {
			isa = PBXSourcesBuildPhase;
			buildActionMask = 2147483647;
			files = (
				20F4639A1E2576F90049AA6D /* UIColor+SLDSColor.m in Sources */,
				20F4639E1E2577020049AA6D /* SLDSColor.m in Sources */,
				20F463A21E25779E0049AA6D /* UIFont+SLDSFont.m in Sources */,
				05D89AFD1D808A3D00516C3C /* SLDSFont.m in Sources */,
			);
			runOnlyForDeploymentPostprocessing = 0;
		};
/* End PBXSourcesBuildPhase section */

/* Begin XCBuildConfiguration section */
		051031F81B29F1020094A6B2 /* Debug */ = {
			isa = XCBuildConfiguration;
			buildSettings = {
				ALWAYS_SEARCH_USER_PATHS = NO;
				CLANG_CXX_LANGUAGE_STANDARD = "gnu++0x";
				CLANG_CXX_LIBRARY = "libc++";
				CLANG_ENABLE_MODULES = YES;
				CLANG_ENABLE_OBJC_ARC = YES;
				CLANG_WARN_BOOL_CONVERSION = YES;
				CLANG_WARN_CONSTANT_CONVERSION = YES;
				CLANG_WARN_DIRECT_OBJC_ISA_USAGE = YES_ERROR;
				CLANG_WARN_EMPTY_BODY = YES;
				CLANG_WARN_ENUM_CONVERSION = YES;
				CLANG_WARN_INFINITE_RECURSION = YES;
				CLANG_WARN_INT_CONVERSION = YES;
				CLANG_WARN_OBJC_ROOT_CLASS = YES_ERROR;
				CLANG_WARN_SUSPICIOUS_MOVE = YES;
				CLANG_WARN_UNREACHABLE_CODE = YES;
				CLANG_WARN__DUPLICATE_METHOD_MATCH = YES;
				COPY_PHASE_STRIP = NO;
				DEBUG_INFORMATION_FORMAT = "dwarf-with-dsym";
				ENABLE_STRICT_OBJC_MSGSEND = YES;
				ENABLE_TESTABILITY = YES;
				GCC_C_LANGUAGE_STANDARD = gnu99;
				GCC_DYNAMIC_NO_PIC = NO;
				GCC_NO_COMMON_BLOCKS = YES;
				GCC_OPTIMIZATION_LEVEL = 0;
				GCC_PREPROCESSOR_DEFINITIONS = (
					"DEBUG=1",
					"$(inherited)",
				);
				GCC_SYMBOLS_PRIVATE_EXTERN = NO;
				GCC_WARN_64_TO_32_BIT_CONVERSION = YES;
				GCC_WARN_ABOUT_RETURN_TYPE = YES_ERROR;
				GCC_WARN_UNDECLARED_SELECTOR = YES;
				GCC_WARN_UNINITIALIZED_AUTOS = YES_AGGRESSIVE;
				GCC_WARN_UNUSED_FUNCTION = YES;
				GCC_WARN_UNUSED_VARIABLE = YES;
				IPHONEOS_DEPLOYMENT_TARGET = 8.3;
				MTL_ENABLE_DEBUG_INFO = YES;
				ONLY_ACTIVE_ARCH = YES;
				SDKROOT = iphoneos;
			};
			name = Debug;
		};
		051031F91B29F1020094A6B2 /* Release */ = {
			isa = XCBuildConfiguration;
			buildSettings = {
				ALWAYS_SEARCH_USER_PATHS = NO;
				CLANG_CXX_LANGUAGE_STANDARD = "gnu++0x";
				CLANG_CXX_LIBRARY = "libc++";
				CLANG_ENABLE_MODULES = YES;
				CLANG_ENABLE_OBJC_ARC = YES;
				CLANG_WARN_BOOL_CONVERSION = YES;
				CLANG_WARN_CONSTANT_CONVERSION = YES;
				CLANG_WARN_DIRECT_OBJC_ISA_USAGE = YES_ERROR;
				CLANG_WARN_EMPTY_BODY = YES;
				CLANG_WARN_ENUM_CONVERSION = YES;
				CLANG_WARN_INFINITE_RECURSION = YES;
				CLANG_WARN_INT_CONVERSION = YES;
				CLANG_WARN_OBJC_ROOT_CLASS = YES_ERROR;
				CLANG_WARN_SUSPICIOUS_MOVE = YES;
				CLANG_WARN_UNREACHABLE_CODE = YES;
				CLANG_WARN__DUPLICATE_METHOD_MATCH = YES;
				COPY_PHASE_STRIP = NO;
				DEBUG_INFORMATION_FORMAT = "dwarf-with-dsym";
				ENABLE_NS_ASSERTIONS = NO;
				ENABLE_STRICT_OBJC_MSGSEND = YES;
				GCC_C_LANGUAGE_STANDARD = gnu99;
				GCC_NO_COMMON_BLOCKS = YES;
				GCC_WARN_64_TO_32_BIT_CONVERSION = YES;
				GCC_WARN_ABOUT_RETURN_TYPE = YES_ERROR;
				GCC_WARN_UNDECLARED_SELECTOR = YES;
				GCC_WARN_UNINITIALIZED_AUTOS = YES_AGGRESSIVE;
				GCC_WARN_UNUSED_FUNCTION = YES;
				GCC_WARN_UNUSED_VARIABLE = YES;
				IPHONEOS_DEPLOYMENT_TARGET = 8.3;
				MTL_ENABLE_DEBUG_INFO = NO;
				SDKROOT = iphoneos;
				VALIDATE_PRODUCT = YES;
			};
			name = Release;
		};
		051031FB1B29F1020094A6B2 /* Debug */ = {
			isa = XCBuildConfiguration;
			buildSettings = {
				CLANG_ENABLE_MODULES = YES;
				DEAD_CODE_STRIPPING = NO;
				LD_RUNPATH_SEARCH_PATHS = "$(inherited) @executable_path/Frameworks @loader_path/Frameworks";
				OTHER_LDFLAGS = "-ObjC";
				PRODUCT_NAME = "$(TARGET_NAME)";
				PUBLIC_HEADERS_FOLDER_PATH = "include/$(PROJECT_NAME)";
				SKIP_INSTALL = YES;
				STRIP_STYLE = "non-global";
				SWIFT_OBJC_BRIDGING_HEADER = "SalesforceDesignSystem-Bridging-Header.h";
				SWIFT_OPTIMIZATION_LEVEL = "-Onone";
			};
			name = Debug;
		};
		051031FC1B29F1020094A6B2 /* Release */ = {
			isa = XCBuildConfiguration;
			buildSettings = {
				CLANG_ENABLE_MODULES = YES;
				DEAD_CODE_STRIPPING = NO;
				LD_RUNPATH_SEARCH_PATHS = "$(inherited) @executable_path/Frameworks @loader_path/Frameworks";
				OTHER_LDFLAGS = "-ObjC";
				PRODUCT_NAME = "$(TARGET_NAME)";
				PUBLIC_HEADERS_FOLDER_PATH = "include/$(PROJECT_NAME)";
				SKIP_INSTALL = YES;
				STRIP_STYLE = "non-global";
				SWIFT_OBJC_BRIDGING_HEADER = "SalesforceDesignSystem-Bridging-Header.h";
			};
			name = Release;
		};
/* End XCBuildConfiguration section */

/* Begin XCConfigurationList section */
		051031E11B29F1020094A6B2 /* Build configuration list for PBXProject "SalesforceDesignSystem" */ = {
			isa = XCConfigurationList;
			buildConfigurations = (
				051031F81B29F1020094A6B2 /* Debug */,
				051031F91B29F1020094A6B2 /* Release */,
			);
			defaultConfigurationIsVisible = 0;
			defaultConfigurationName = Release;
		};
		051031FA1B29F1020094A6B2 /* Build configuration list for PBXNativeTarget "SalesforceDesignSystem" */ = {
			isa = XCConfigurationList;
			buildConfigurations = (
				051031FB1B29F1020094A6B2 /* Debug */,
				051031FC1B29F1020094A6B2 /* Release */,
			);
			defaultConfigurationIsVisible = 0;
			defaultConfigurationName = Release;
		};
/* End XCConfigurationList section */
	};
	rootObject = 051031DE1B29F1020094A6B2 /* Project object */;
}
