// !$*UTF8*$!
{
	archiveVersion = 1;
	classes = {
	};
	objectVersion = 46;
	objects = {

/* Begin PBXBuildFile section */
		0A07AEF3446ADE7E8F0775CE /* Pods_slds_sample_appTests.framework in Frameworks */ = {isa = PBXBuildFile; fileRef = 1097391D4C78B8C4CC954287 /* Pods_slds_sample_appTests.framework */; };
		20191FDB1DEE4F89007C8BD8 /* CustomFont.bundle in Resources */ = {isa = PBXBuildFile; fileRef = 20191FDA1DEE4F89007C8BD8 /* CustomFont.bundle */; };
		206AA81E1DE3B80C00375432 /* FontListTableViewController.swift in Sources */ = {isa = PBXBuildFile; fileRef = 206AA81D1DE3B80C00375432 /* FontListTableViewController.swift */; };
		206AA8201DE3B82800375432 /* UserListViewController.swift in Sources */ = {isa = PBXBuildFile; fileRef = 206AA81F1DE3B82800375432 /* UserListViewController.swift */; };
		209A56291DEF546400327910 /* IconListViewController.swift in Sources */ = {isa = PBXBuildFile; fileRef = 209A56281DEF546400327910 /* IconListViewController.swift */; };
		56CB4A64F9F1007FBD34E15A /* Pods_slds_sample_appUITests.framework in Frameworks */ = {isa = PBXBuildFile; fileRef = 67FC44511DDD6829711D25F6 /* Pods_slds_sample_appUITests.framework */; };
		A76A4791338D588F66728996 /* Pods_slds_sample_app.framework in Frameworks */ = {isa = PBXBuildFile; fileRef = 95EE5BBEECE5EEB8F785A966 /* Pods_slds_sample_app.framework */; };
		FC1EA4681DDE6F6300304E01 /* MainListViewController.swift in Sources */ = {isa = PBXBuildFile; fileRef = FC1EA4671DDE6F6300304E01 /* MainListViewController.swift */; };
		FC2AB8351DECE47F0045C837 /* libSalesforceDesignSystem-Extended.a in Frameworks */ = {isa = PBXBuildFile; fileRef = FC2AB8321DECE4610045C837 /* libSalesforceDesignSystem-Extended.a */; };
		FC2AB83D1DECE6560045C837 /* SalesforceDesignSystem.bundle in Resources */ = {isa = PBXBuildFile; fileRef = FC2AB83C1DECE6560045C837 /* SalesforceDesignSystem.bundle */; };
		FC2AB83E1DECE6560045C837 /* SalesforceDesignSystem.bundle in Resources */ = {isa = PBXBuildFile; fileRef = FC2AB83C1DECE6560045C837 /* SalesforceDesignSystem.bundle */; };
		FC2AB83F1DECE6560045C837 /* SalesforceDesignSystem.bundle in Resources */ = {isa = PBXBuildFile; fileRef = FC2AB83C1DECE6560045C837 /* SalesforceDesignSystem.bundle */; };
		FC4299161DDA3EEC00891FBD /* CategoryCell.swift in Sources */ = {isa = PBXBuildFile; fileRef = FC4299151DDA3EEC00891FBD /* CategoryCell.swift */; };
		FC4299191DDA4FE100891FBD /* ColorListViewController.swift in Sources */ = {isa = PBXBuildFile; fileRef = FC4299181DDA4FE100891FBD /* ColorListViewController.swift */; };
		FC42991F1DDA8FC500891FBD /* ColorViewController.swift in Sources */ = {isa = PBXBuildFile; fileRef = FC42991E1DDA8FC500891FBD /* ColorViewController.swift */; };
		FC4FF3DB1DE4D033009B3D2E /* ColorCell.swift in Sources */ = {isa = PBXBuildFile; fileRef = FC4FF3DA1DE4D033009B3D2E /* ColorCell.swift */; };
		FCB47EA91DD0FCDB00BB6C1B /* AppDelegate.swift in Sources */ = {isa = PBXBuildFile; fileRef = FCB47EA81DD0FCDB00BB6C1B /* AppDelegate.swift */; };
		FCB47EB01DD0FCDB00BB6C1B /* Assets.xcassets in Resources */ = {isa = PBXBuildFile; fileRef = FCB47EAF1DD0FCDB00BB6C1B /* Assets.xcassets */; };
		FCB47EB31DD0FCDB00BB6C1B /* LaunchScreen.storyboard in Resources */ = {isa = PBXBuildFile; fileRef = FCB47EB11DD0FCDB00BB6C1B /* LaunchScreen.storyboard */; };
		FCB47EBE1DD0FCDB00BB6C1B /* slds_sample_appTests.swift in Sources */ = {isa = PBXBuildFile; fileRef = FCB47EBD1DD0FCDB00BB6C1B /* slds_sample_appTests.swift */; };
		FCB47EC91DD0FCDB00BB6C1B /* slds_sample_appUITests.swift in Sources */ = {isa = PBXBuildFile; fileRef = FCB47EC81DD0FCDB00BB6C1B /* slds_sample_appUITests.swift */; };
		FCB47EDD1DD3D09400BB6C1B /* ConstraintsHelper.swift in Sources */ = {isa = PBXBuildFile; fileRef = FCB47EDC1DD3D09400BB6C1B /* ConstraintsHelper.swift */; };
		FCB47EE01DD4F10E00BB6C1B /* NavButton.swift in Sources */ = {isa = PBXBuildFile; fileRef = FCB47EDF1DD4F10E00BB6C1B /* NavButton.swift */; };
		FCCEE6471DEE4DE600949840 /* IconCell.swift in Sources */ = {isa = PBXBuildFile; fileRef = FCCEE6461DEE4DE600949840 /* IconCell.swift */; };
		FCFD3F511DE3671300A2C9B2 /* SectionHeaderView.swift in Sources */ = {isa = PBXBuildFile; fileRef = FCFD3F501DE3671300A2C9B2 /* SectionHeaderView.swift */; };
/* End PBXBuildFile section */

/* Begin PBXContainerItemProxy section */
		FC2AB82D1DECE4610045C837 /* PBXContainerItemProxy */ = {
			isa = PBXContainerItemProxy;
			containerPortal = FC2AB8271DECE4610045C837 /* SalesforceDesignSystem.xcodeproj */;
			proxyType = 2;
			remoteGlobalIDString = 051031E61B29F1020094A6B2;
			remoteInfo = SalesforceDesignSystem;
		};
		FC2AB82F1DECE4610045C837 /* PBXContainerItemProxy */ = {
			isa = PBXContainerItemProxy;
			containerPortal = FC2AB8271DECE4610045C837 /* SalesforceDesignSystem.xcodeproj */;
			proxyType = 2;
			remoteGlobalIDString = 051C4D151B2FD398001CDF18;
			remoteInfo = "SalesforceDesignSystem-headers";
		};
		FC2AB8311DECE4610045C837 /* PBXContainerItemProxy */ = {
			isa = PBXContainerItemProxy;
			containerPortal = FC2AB8271DECE4610045C837 /* SalesforceDesignSystem.xcodeproj */;
			proxyType = 2;
			remoteGlobalIDString = 059109FB1B583B8900C89AEC;
			remoteInfo = "SalesforceDesignSystem-Extended";
		};
		FC2AB8331DECE4730045C837 /* PBXContainerItemProxy */ = {
			isa = PBXContainerItemProxy;
			containerPortal = FC2AB8271DECE4610045C837 /* SalesforceDesignSystem.xcodeproj */;
			proxyType = 1;
			remoteGlobalIDString = 059109B21B583B8900C89AEC;
			remoteInfo = "SalesforceDesignSystem-Extended";
		};
		FCB47EBA1DD0FCDB00BB6C1B /* PBXContainerItemProxy */ = {
			isa = PBXContainerItemProxy;
			containerPortal = FCB47E9D1DD0FCDB00BB6C1B /* Project object */;
			proxyType = 1;
			remoteGlobalIDString = FCB47EA41DD0FCDB00BB6C1B;
			remoteInfo = "slds-sample-app";
		};
		FCB47EC51DD0FCDB00BB6C1B /* PBXContainerItemProxy */ = {
			isa = PBXContainerItemProxy;
			containerPortal = FCB47E9D1DD0FCDB00BB6C1B /* Project object */;
			proxyType = 1;
			remoteGlobalIDString = FCB47EA41DD0FCDB00BB6C1B;
			remoteInfo = "slds-sample-app";
		};
/* End PBXContainerItemProxy section */

/* Begin PBXFileReference section */
		1097391D4C78B8C4CC954287 /* Pods_slds_sample_appTests.framework */ = {isa = PBXFileReference; explicitFileType = wrapper.framework; includeInIndex = 0; path = Pods_slds_sample_appTests.framework; sourceTree = BUILT_PRODUCTS_DIR; };
		20191FDA1DEE4F89007C8BD8 /* CustomFont.bundle */ = {isa = PBXFileReference; lastKnownFileType = "wrapper.plug-in"; name = CustomFont.bundle; path = ../CustomFont.bundle; sourceTree = "<group>"; };
		206AA81D1DE3B80C00375432 /* FontListTableViewController.swift */ = {isa = PBXFileReference; fileEncoding = 4; lastKnownFileType = sourcecode.swift; path = FontListTableViewController.swift; sourceTree = "<group>"; };
		206AA81F1DE3B82800375432 /* UserListViewController.swift */ = {isa = PBXFileReference; fileEncoding = 4; lastKnownFileType = sourcecode.swift; path = UserListViewController.swift; sourceTree = "<group>"; };
		209A56281DEF546400327910 /* IconListViewController.swift */ = {isa = PBXFileReference; fileEncoding = 4; lastKnownFileType = sourcecode.swift; path = IconListViewController.swift; sourceTree = "<group>"; };
		5FB2674A0E6391E56A157B80 /* Pods-slds-sample-app.release.xcconfig */ = {isa = PBXFileReference; includeInIndex = 1; lastKnownFileType = text.xcconfig; name = "Pods-slds-sample-app.release.xcconfig"; path = "Pods/Target Support Files/Pods-slds-sample-app/Pods-slds-sample-app.release.xcconfig"; sourceTree = "<group>"; };
		65A3E6365E09765B6A728445 /* Pods-slds-sample-appTests.release.xcconfig */ = {isa = PBXFileReference; includeInIndex = 1; lastKnownFileType = text.xcconfig; name = "Pods-slds-sample-appTests.release.xcconfig"; path = "Pods/Target Support Files/Pods-slds-sample-appTests/Pods-slds-sample-appTests.release.xcconfig"; sourceTree = "<group>"; };
		67FC44511DDD6829711D25F6 /* Pods_slds_sample_appUITests.framework */ = {isa = PBXFileReference; explicitFileType = wrapper.framework; includeInIndex = 0; path = Pods_slds_sample_appUITests.framework; sourceTree = BUILT_PRODUCTS_DIR; };
		6DF0FD86FC40490180F65207 /* Pods-slds-sample-app.debug.xcconfig */ = {isa = PBXFileReference; includeInIndex = 1; lastKnownFileType = text.xcconfig; name = "Pods-slds-sample-app.debug.xcconfig"; path = "Pods/Target Support Files/Pods-slds-sample-app/Pods-slds-sample-app.debug.xcconfig"; sourceTree = "<group>"; };
		95EE5BBEECE5EEB8F785A966 /* Pods_slds_sample_app.framework */ = {isa = PBXFileReference; explicitFileType = wrapper.framework; includeInIndex = 0; path = Pods_slds_sample_app.framework; sourceTree = BUILT_PRODUCTS_DIR; };
		9D4423C9F4CCA469374A1D9F /* Pods-slds-sample-appTests.debug.xcconfig */ = {isa = PBXFileReference; includeInIndex = 1; lastKnownFileType = text.xcconfig; name = "Pods-slds-sample-appTests.debug.xcconfig"; path = "Pods/Target Support Files/Pods-slds-sample-appTests/Pods-slds-sample-appTests.debug.xcconfig"; sourceTree = "<group>"; };
		AA1325560723AB169DFA4098 /* Pods-slds-sample-appUITests.debug.xcconfig */ = {isa = PBXFileReference; includeInIndex = 1; lastKnownFileType = text.xcconfig; name = "Pods-slds-sample-appUITests.debug.xcconfig"; path = "Pods/Target Support Files/Pods-slds-sample-appUITests/Pods-slds-sample-appUITests.debug.xcconfig"; sourceTree = "<group>"; };
		BA6AA3000194D0F4454774B1 /* Pods-slds-sample-appUITests.release.xcconfig */ = {isa = PBXFileReference; includeInIndex = 1; lastKnownFileType = text.xcconfig; name = "Pods-slds-sample-appUITests.release.xcconfig"; path = "Pods/Target Support Files/Pods-slds-sample-appUITests/Pods-slds-sample-appUITests.release.xcconfig"; sourceTree = "<group>"; };
		FC1EA4671DDE6F6300304E01 /* MainListViewController.swift */ = {isa = PBXFileReference; fileEncoding = 4; lastKnownFileType = sourcecode.swift; path = MainListViewController.swift; sourceTree = "<group>"; };
		FC2AB8271DECE4610045C837 /* SalesforceDesignSystem.xcodeproj */ = {isa = PBXFileReference; lastKnownFileType = "wrapper.pb-project"; name = SalesforceDesignSystem.xcodeproj; path = ../SalesforceDesignSystem.xcodeproj; sourceTree = "<group>"; };
		FC2AB83C1DECE6560045C837 /* SalesforceDesignSystem.bundle */ = {isa = PBXFileReference; lastKnownFileType = "wrapper.plug-in"; name = SalesforceDesignSystem.bundle; path = ../SalesforceDesignSystem.bundle; sourceTree = "<group>"; };
		FC4299151DDA3EEC00891FBD /* CategoryCell.swift */ = {isa = PBXFileReference; fileEncoding = 4; lastKnownFileType = sourcecode.swift; path = CategoryCell.swift; sourceTree = "<group>"; };
		FC4299181DDA4FE100891FBD /* ColorListViewController.swift */ = {isa = PBXFileReference; fileEncoding = 4; lastKnownFileType = sourcecode.swift; path = ColorListViewController.swift; sourceTree = "<group>"; };
		FC42991E1DDA8FC500891FBD /* ColorViewController.swift */ = {isa = PBXFileReference; fileEncoding = 4; lastKnownFileType = sourcecode.swift; path = ColorViewController.swift; sourceTree = "<group>"; };
		FC4FF3DA1DE4D033009B3D2E /* ColorCell.swift */ = {isa = PBXFileReference; fileEncoding = 4; lastKnownFileType = sourcecode.swift; path = ColorCell.swift; sourceTree = "<group>"; };
		FCB47EA51DD0FCDB00BB6C1B /* slds-sample-app.app */ = {isa = PBXFileReference; explicitFileType = wrapper.application; includeInIndex = 0; path = "slds-sample-app.app"; sourceTree = BUILT_PRODUCTS_DIR; };
		FCB47EA81DD0FCDB00BB6C1B /* AppDelegate.swift */ = {isa = PBXFileReference; lastKnownFileType = sourcecode.swift; path = AppDelegate.swift; sourceTree = "<group>"; };
		FCB47EAF1DD0FCDB00BB6C1B /* Assets.xcassets */ = {isa = PBXFileReference; lastKnownFileType = folder.assetcatalog; path = Assets.xcassets; sourceTree = "<group>"; };
		FCB47EB21DD0FCDB00BB6C1B /* Base */ = {isa = PBXFileReference; lastKnownFileType = file.storyboard; name = Base; path = Base.lproj/LaunchScreen.storyboard; sourceTree = "<group>"; };
		FCB47EB41DD0FCDB00BB6C1B /* Info.plist */ = {isa = PBXFileReference; lastKnownFileType = text.plist.xml; path = Info.plist; sourceTree = "<group>"; };
		FCB47EB91DD0FCDB00BB6C1B /* slds-sample-appTests.xctest */ = {isa = PBXFileReference; explicitFileType = wrapper.cfbundle; includeInIndex = 0; path = "slds-sample-appTests.xctest"; sourceTree = BUILT_PRODUCTS_DIR; };
		FCB47EBD1DD0FCDB00BB6C1B /* slds_sample_appTests.swift */ = {isa = PBXFileReference; lastKnownFileType = sourcecode.swift; path = slds_sample_appTests.swift; sourceTree = "<group>"; };
		FCB47EBF1DD0FCDB00BB6C1B /* Info.plist */ = {isa = PBXFileReference; lastKnownFileType = text.plist.xml; path = Info.plist; sourceTree = "<group>"; };
		FCB47EC41DD0FCDB00BB6C1B /* slds-sample-appUITests.xctest */ = {isa = PBXFileReference; explicitFileType = wrapper.cfbundle; includeInIndex = 0; path = "slds-sample-appUITests.xctest"; sourceTree = BUILT_PRODUCTS_DIR; };
		FCB47EC81DD0FCDB00BB6C1B /* slds_sample_appUITests.swift */ = {isa = PBXFileReference; lastKnownFileType = sourcecode.swift; path = slds_sample_appUITests.swift; sourceTree = "<group>"; };
		FCB47ECA1DD0FCDB00BB6C1B /* Info.plist */ = {isa = PBXFileReference; lastKnownFileType = text.plist.xml; path = Info.plist; sourceTree = "<group>"; };
		FCB47ED81DD1421000BB6C1B /* slds-bridging-header.h */ = {isa = PBXFileReference; lastKnownFileType = sourcecode.c.h; name = "slds-bridging-header.h"; path = "../slds-bridging-header.h"; sourceTree = "<group>"; };
		FCB47EDC1DD3D09400BB6C1B /* ConstraintsHelper.swift */ = {isa = PBXFileReference; fileEncoding = 4; lastKnownFileType = sourcecode.swift; path = ConstraintsHelper.swift; sourceTree = "<group>"; };
		FCB47EDF1DD4F10E00BB6C1B /* NavButton.swift */ = {isa = PBXFileReference; fileEncoding = 4; lastKnownFileType = sourcecode.swift; path = NavButton.swift; sourceTree = "<group>"; };
		FCCEE6461DEE4DE600949840 /* IconCell.swift */ = {isa = PBXFileReference; fileEncoding = 4; lastKnownFileType = sourcecode.swift; path = IconCell.swift; sourceTree = "<group>"; };
		FCFD3F501DE3671300A2C9B2 /* SectionHeaderView.swift */ = {isa = PBXFileReference; fileEncoding = 4; lastKnownFileType = sourcecode.swift; path = SectionHeaderView.swift; sourceTree = "<group>"; };
/* End PBXFileReference section */

/* Begin PBXFrameworksBuildPhase section */
		FCB47EA21DD0FCDB00BB6C1B /* Frameworks */ = {
			isa = PBXFrameworksBuildPhase;
			buildActionMask = 2147483647;
			files = (
				FC2AB8351DECE47F0045C837 /* libSalesforceDesignSystem-Extended.a in Frameworks */,
				A76A4791338D588F66728996 /* Pods_slds_sample_app.framework in Frameworks */,
			);
			runOnlyForDeploymentPostprocessing = 0;
		};
		FCB47EB61DD0FCDB00BB6C1B /* Frameworks */ = {
			isa = PBXFrameworksBuildPhase;
			buildActionMask = 2147483647;
			files = (
				0A07AEF3446ADE7E8F0775CE /* Pods_slds_sample_appTests.framework in Frameworks */,
			);
			runOnlyForDeploymentPostprocessing = 0;
		};
		FCB47EC11DD0FCDB00BB6C1B /* Frameworks */ = {
			isa = PBXFrameworksBuildPhase;
			buildActionMask = 2147483647;
			files = (
				56CB4A64F9F1007FBD34E15A /* Pods_slds_sample_appUITests.framework in Frameworks */,
			);
			runOnlyForDeploymentPostprocessing = 0;
		};
/* End PBXFrameworksBuildPhase section */

/* Begin PBXGroup section */
		080A6909120544E76CEA307C /* Frameworks */ = {
			isa = PBXGroup;
			children = (
				95EE5BBEECE5EEB8F785A966 /* Pods_slds_sample_app.framework */,
				1097391D4C78B8C4CC954287 /* Pods_slds_sample_appTests.framework */,
				67FC44511DDD6829711D25F6 /* Pods_slds_sample_appUITests.framework */,
			);
			name = Frameworks;
			sourceTree = "<group>";
		};
		F3BAF2CA86947BC0E9DAA512 /* Pods */ = {
			isa = PBXGroup;
			children = (
				6DF0FD86FC40490180F65207 /* Pods-slds-sample-app.debug.xcconfig */,
				5FB2674A0E6391E56A157B80 /* Pods-slds-sample-app.release.xcconfig */,
				9D4423C9F4CCA469374A1D9F /* Pods-slds-sample-appTests.debug.xcconfig */,
				65A3E6365E09765B6A728445 /* Pods-slds-sample-appTests.release.xcconfig */,
				AA1325560723AB169DFA4098 /* Pods-slds-sample-appUITests.debug.xcconfig */,
				BA6AA3000194D0F4454774B1 /* Pods-slds-sample-appUITests.release.xcconfig */,
			);
			name = Pods;
			sourceTree = "<group>";
		};
		FC2AB8281DECE4610045C837 /* Products */ = {
			isa = PBXGroup;
			children = (
				FC2AB82E1DECE4610045C837 /* libSalesforceDesignSystem.a */,
				FC2AB8301DECE4610045C837 /* libSalesforceDesignSystem-headers.a */,
				FC2AB8321DECE4610045C837 /* libSalesforceDesignSystem-Extended.a */,
			);
			name = Products;
			sourceTree = "<group>";
		};
		FC4299171DDA4E7500891FBD /* controllers */ = {
			isa = PBXGroup;
			children = (
				FC4299181DDA4FE100891FBD /* ColorListViewController.swift */,
				FC42991E1DDA8FC500891FBD /* ColorViewController.swift */,
				206AA81D1DE3B80C00375432 /* FontListTableViewController.swift */,
				209A56281DEF546400327910 /* IconListViewController.swift */,
				FC1EA4671DDE6F6300304E01 /* MainListViewController.swift */,
				206AA81F1DE3B82800375432 /* UserListViewController.swift */,
			);
			name = controllers;
			sourceTree = "<group>";
		};
		FCB47E9C1DD0FCDB00BB6C1B = {
			isa = PBXGroup;
			children = (
				20191FDA1DEE4F89007C8BD8 /* CustomFont.bundle */,
				FC2AB83C1DECE6560045C837 /* SalesforceDesignSystem.bundle */,
				FC2AB8271DECE4610045C837 /* SalesforceDesignSystem.xcodeproj */,
				FCB47EA71DD0FCDB00BB6C1B /* slds-sample-app */,
				FCB47EBC1DD0FCDB00BB6C1B /* slds-sample-appTests */,
				FCB47EC71DD0FCDB00BB6C1B /* slds-sample-appUITests */,
				FCB47EA61DD0FCDB00BB6C1B /* Products */,
				F3BAF2CA86947BC0E9DAA512 /* Pods */,
				080A6909120544E76CEA307C /* Frameworks */,
			);
			sourceTree = "<group>";
		};
		FCB47EA61DD0FCDB00BB6C1B /* Products */ = {
			isa = PBXGroup;
			children = (
				FCB47EA51DD0FCDB00BB6C1B /* slds-sample-app.app */,
				FCB47EB91DD0FCDB00BB6C1B /* slds-sample-appTests.xctest */,
				FCB47EC41DD0FCDB00BB6C1B /* slds-sample-appUITests.xctest */,
			);
			name = Products;
			sourceTree = "<group>";
		};
		FCB47EA71DD0FCDB00BB6C1B /* slds-sample-app */ = {
			isa = PBXGroup;
			children = (
				FC4299171DDA4E7500891FBD /* controllers */,
				FCB47ED91DD2989F00BB6C1B /* views */,
				FCB47ED81DD1421000BB6C1B /* slds-bridging-header.h */,
				FCB47EA81DD0FCDB00BB6C1B /* AppDelegate.swift */,
				FCB47EAF1DD0FCDB00BB6C1B /* Assets.xcassets */,
				FCB47EB11DD0FCDB00BB6C1B /* LaunchScreen.storyboard */,
				FCB47EB41DD0FCDB00BB6C1B /* Info.plist */,
				FCB47EDC1DD3D09400BB6C1B /* ConstraintsHelper.swift */,
			);
			path = "slds-sample-app";
			sourceTree = "<group>";
		};
		FCB47EBC1DD0FCDB00BB6C1B /* slds-sample-appTests */ = {
			isa = PBXGroup;
			children = (
				FCB47EBD1DD0FCDB00BB6C1B /* slds_sample_appTests.swift */,
				FCB47EBF1DD0FCDB00BB6C1B /* Info.plist */,
			);
			path = "slds-sample-appTests";
			sourceTree = "<group>";
		};
		FCB47EC71DD0FCDB00BB6C1B /* slds-sample-appUITests */ = {
			isa = PBXGroup;
			children = (
				FCB47EC81DD0FCDB00BB6C1B /* slds_sample_appUITests.swift */,
				FCB47ECA1DD0FCDB00BB6C1B /* Info.plist */,
			);
			path = "slds-sample-appUITests";
			sourceTree = "<group>";
		};
		FCB47ED91DD2989F00BB6C1B /* views */ = {
			isa = PBXGroup;
			children = (
				FC4299151DDA3EEC00891FBD /* CategoryCell.swift */,
				FC4FF3DA1DE4D033009B3D2E /* ColorCell.swift */,
				FCCEE6461DEE4DE600949840 /* IconCell.swift */,
				FCB47EDF1DD4F10E00BB6C1B /* NavButton.swift */,
				FCFD3F501DE3671300A2C9B2 /* SectionHeaderView.swift */,
			);
			name = views;
			sourceTree = "<group>";
		};
/* End PBXGroup section */

/* Begin PBXNativeTarget section */
		FCB47EA41DD0FCDB00BB6C1B /* slds-sample-app */ = {
			isa = PBXNativeTarget;
			buildConfigurationList = FCB47ECD1DD0FCDB00BB6C1B /* Build configuration list for PBXNativeTarget "slds-sample-app" */;
			buildPhases = (
				482CCD44DC79D04C79DE7870 /* [CP] Check Pods Manifest.lock */,
				FCB47EA11DD0FCDB00BB6C1B /* Sources */,
				FCB47EA21DD0FCDB00BB6C1B /* Frameworks */,
				FCB47EA31DD0FCDB00BB6C1B /* Resources */,
				B066238E87A2F5A7BD62552C /* [CP] Embed Pods Frameworks */,
				75798092238215463CC36111 /* [CP] Copy Pods Resources */,
				206AA8211DE3BA2400375432 /* ShellScript */,
			);
			buildRules = (
			);
			dependencies = (
				FC2AB8341DECE4730045C837 /* PBXTargetDependency */,
			);
			name = "slds-sample-app";
			productName = "slds-sample-app";
			productReference = FCB47EA51DD0FCDB00BB6C1B /* slds-sample-app.app */;
			productType = "com.apple.product-type.application";
		};
		FCB47EB81DD0FCDB00BB6C1B /* slds-sample-appTests */ = {
			isa = PBXNativeTarget;
			buildConfigurationList = FCB47ED01DD0FCDB00BB6C1B /* Build configuration list for PBXNativeTarget "slds-sample-appTests" */;
			buildPhases = (
				3CFA647336A48B302D13B7D8 /* [CP] Check Pods Manifest.lock */,
				FCB47EB51DD0FCDB00BB6C1B /* Sources */,
				FCB47EB61DD0FCDB00BB6C1B /* Frameworks */,
				FCB47EB71DD0FCDB00BB6C1B /* Resources */,
				5F2892243B4F915D7885AFA2 /* [CP] Embed Pods Frameworks */,
				381F25713C292851F051D672 /* [CP] Copy Pods Resources */,
			);
			buildRules = (
			);
			dependencies = (
				FCB47EBB1DD0FCDB00BB6C1B /* PBXTargetDependency */,
			);
			name = "slds-sample-appTests";
			productName = "slds-sample-appTests";
			productReference = FCB47EB91DD0FCDB00BB6C1B /* slds-sample-appTests.xctest */;
			productType = "com.apple.product-type.bundle.unit-test";
		};
		FCB47EC31DD0FCDB00BB6C1B /* slds-sample-appUITests */ = {
			isa = PBXNativeTarget;
			buildConfigurationList = FCB47ED31DD0FCDB00BB6C1B /* Build configuration list for PBXNativeTarget "slds-sample-appUITests" */;
			buildPhases = (
				CA4C8518F6721C03B151A91F /* [CP] Check Pods Manifest.lock */,
				FCB47EC01DD0FCDB00BB6C1B /* Sources */,
				FCB47EC11DD0FCDB00BB6C1B /* Frameworks */,
				FCB47EC21DD0FCDB00BB6C1B /* Resources */,
				1E7BE202522B3EE782940E85 /* [CP] Embed Pods Frameworks */,
				E73BB817D62D5DD032047B08 /* [CP] Copy Pods Resources */,
			);
			buildRules = (
			);
			dependencies = (
				FCB47EC61DD0FCDB00BB6C1B /* PBXTargetDependency */,
			);
			name = "slds-sample-appUITests";
			productName = "slds-sample-appUITests";
			productReference = FCB47EC41DD0FCDB00BB6C1B /* slds-sample-appUITests.xctest */;
			productType = "com.apple.product-type.bundle.ui-testing";
		};
/* End PBXNativeTarget section */

/* Begin PBXProject section */
		FCB47E9D1DD0FCDB00BB6C1B /* Project object */ = {
			isa = PBXProject;
			attributes = {
				LastSwiftUpdateCheck = 0800;
				LastUpgradeCheck = 0800;
				ORGANIZATIONNAME = "John Earle";
				TargetAttributes = {
					FCB47EA41DD0FCDB00BB6C1B = {
						CreatedOnToolsVersion = 8.0;
						DevelopmentTeam = 4WQ2T93P22;
						ProvisioningStyle = Automatic;
					};
					FCB47EB81DD0FCDB00BB6C1B = {
						CreatedOnToolsVersion = 8.0;
						DevelopmentTeam = U995QZE8B8;
						ProvisioningStyle = Automatic;
						TestTargetID = FCB47EA41DD0FCDB00BB6C1B;
					};
					FCB47EC31DD0FCDB00BB6C1B = {
						CreatedOnToolsVersion = 8.0;
						DevelopmentTeam = U995QZE8B8;
						ProvisioningStyle = Automatic;
						TestTargetID = FCB47EA41DD0FCDB00BB6C1B;
					};
				};
			};
			buildConfigurationList = FCB47EA01DD0FCDB00BB6C1B /* Build configuration list for PBXProject "slds-sample-app" */;
			compatibilityVersion = "Xcode 3.2";
			developmentRegion = English;
			hasScannedForEncodings = 0;
			knownRegions = (
				en,
				Base,
			);
			mainGroup = FCB47E9C1DD0FCDB00BB6C1B;
			productRefGroup = FCB47EA61DD0FCDB00BB6C1B /* Products */;
			projectDirPath = "";
			projectReferences = (
				{
					ProductGroup = FC2AB8281DECE4610045C837 /* Products */;
					ProjectRef = FC2AB8271DECE4610045C837 /* SalesforceDesignSystem.xcodeproj */;
				},
			);
			projectRoot = "";
			targets = (
				FCB47EA41DD0FCDB00BB6C1B /* slds-sample-app */,
				FCB47EB81DD0FCDB00BB6C1B /* slds-sample-appTests */,
				FCB47EC31DD0FCDB00BB6C1B /* slds-sample-appUITests */,
			);
		};
/* End PBXProject section */

/* Begin PBXReferenceProxy section */
		FC2AB82E1DECE4610045C837 /* libSalesforceDesignSystem.a */ = {
			isa = PBXReferenceProxy;
			fileType = archive.ar;
			path = libSalesforceDesignSystem.a;
			remoteRef = FC2AB82D1DECE4610045C837 /* PBXContainerItemProxy */;
			sourceTree = BUILT_PRODUCTS_DIR;
		};
		FC2AB8301DECE4610045C837 /* libSalesforceDesignSystem-headers.a */ = {
			isa = PBXReferenceProxy;
			fileType = archive.ar;
			path = "libSalesforceDesignSystem-headers.a";
			remoteRef = FC2AB82F1DECE4610045C837 /* PBXContainerItemProxy */;
			sourceTree = BUILT_PRODUCTS_DIR;
		};
		FC2AB8321DECE4610045C837 /* libSalesforceDesignSystem-Extended.a */ = {
			isa = PBXReferenceProxy;
			fileType = archive.ar;
			path = "libSalesforceDesignSystem-Extended.a";
			remoteRef = FC2AB8311DECE4610045C837 /* PBXContainerItemProxy */;
			sourceTree = BUILT_PRODUCTS_DIR;
		};
/* End PBXReferenceProxy section */

/* Begin PBXResourcesBuildPhase section */
		FCB47EA31DD0FCDB00BB6C1B /* Resources */ = {
			isa = PBXResourcesBuildPhase;
			buildActionMask = 2147483647;
			files = (
				FC2AB83D1DECE6560045C837 /* SalesforceDesignSystem.bundle in Resources */,
				FCB47EB31DD0FCDB00BB6C1B /* LaunchScreen.storyboard in Resources */,
				FCB47EB01DD0FCDB00BB6C1B /* Assets.xcassets in Resources */,
				20191FDB1DEE4F89007C8BD8 /* CustomFont.bundle in Resources */,
			);
			runOnlyForDeploymentPostprocessing = 0;
		};
		FCB47EB71DD0FCDB00BB6C1B /* Resources */ = {
			isa = PBXResourcesBuildPhase;
			buildActionMask = 2147483647;
			files = (
				FC2AB83E1DECE6560045C837 /* SalesforceDesignSystem.bundle in Resources */,
			);
			runOnlyForDeploymentPostprocessing = 0;
		};
		FCB47EC21DD0FCDB00BB6C1B /* Resources */ = {
			isa = PBXResourcesBuildPhase;
			buildActionMask = 2147483647;
			files = (
				FC2AB83F1DECE6560045C837 /* SalesforceDesignSystem.bundle in Resources */,
			);
			runOnlyForDeploymentPostprocessing = 0;
		};
/* End PBXResourcesBuildPhase section */

/* Begin PBXShellScriptBuildPhase section */
		1E7BE202522B3EE782940E85 /* [CP] Embed Pods Frameworks */ = {
			isa = PBXShellScriptBuildPhase;
			buildActionMask = 2147483647;
			files = (
			);
			inputPaths = (
			);
			name = "[CP] Embed Pods Frameworks";
			outputPaths = (
			);
			runOnlyForDeploymentPostprocessing = 0;
			shellPath = /bin/sh;
			shellScript = "\"${SRCROOT}/Pods/Target Support Files/Pods-slds-sample-appUITests/Pods-slds-sample-appUITests-frameworks.sh\"\n";
			showEnvVarsInLog = 0;
		};
		206AA8211DE3BA2400375432 /* ShellScript */ = {
			isa = PBXShellScriptBuildPhase;
			buildActionMask = 2147483647;
			files = (
			);
			inputPaths = (
			);
			outputPaths = (
			);
			runOnlyForDeploymentPostprocessing = 0;
			shellPath = /bin/sh;
			shellScript = "FILE=\"${SRCROOT}/HockeySDK-iOS/BuildAgent\"\nif [ -f \"$FILE\" ]; then\n\"$FILE\"\nfi";
		};
		381F25713C292851F051D672 /* [CP] Copy Pods Resources */ = {
			isa = PBXShellScriptBuildPhase;
			buildActionMask = 2147483647;
			files = (
			);
			inputPaths = (
			);
			name = "[CP] Copy Pods Resources";
			outputPaths = (
			);
			runOnlyForDeploymentPostprocessing = 0;
			shellPath = /bin/sh;
			shellScript = "\"${SRCROOT}/Pods/Target Support Files/Pods-slds-sample-appTests/Pods-slds-sample-appTests-resources.sh\"\n";
			showEnvVarsInLog = 0;
		};
		3CFA647336A48B302D13B7D8 /* [CP] Check Pods Manifest.lock */ = {
			isa = PBXShellScriptBuildPhase;
			buildActionMask = 2147483647;
			files = (
			);
			inputPaths = (
			);
			name = "[CP] Check Pods Manifest.lock";
			outputPaths = (
			);
			runOnlyForDeploymentPostprocessing = 0;
			shellPath = /bin/sh;
			shellScript = "diff \"${PODS_ROOT}/../Podfile.lock\" \"${PODS_ROOT}/Manifest.lock\" > /dev/null\nif [ $? != 0 ] ; then\n    # print error to STDERR\n    echo \"error: The sandbox is not in sync with the Podfile.lock. Run 'pod install' or update your CocoaPods installation.\" >&2\n    exit 1\nfi\n";
			showEnvVarsInLog = 0;
		};
		482CCD44DC79D04C79DE7870 /* [CP] Check Pods Manifest.lock */ = {
			isa = PBXShellScriptBuildPhase;
			buildActionMask = 2147483647;
			files = (
			);
			inputPaths = (
			);
			name = "[CP] Check Pods Manifest.lock";
			outputPaths = (
			);
			runOnlyForDeploymentPostprocessing = 0;
			shellPath = /bin/sh;
			shellScript = "diff \"${PODS_ROOT}/../Podfile.lock\" \"${PODS_ROOT}/Manifest.lock\" > /dev/null\nif [ $? != 0 ] ; then\n    # print error to STDERR\n    echo \"error: The sandbox is not in sync with the Podfile.lock. Run 'pod install' or update your CocoaPods installation.\" >&2\n    exit 1\nfi\n";
			showEnvVarsInLog = 0;
		};
		5F2892243B4F915D7885AFA2 /* [CP] Embed Pods Frameworks */ = {
			isa = PBXShellScriptBuildPhase;
			buildActionMask = 2147483647;
			files = (
			);
			inputPaths = (
			);
			name = "[CP] Embed Pods Frameworks";
			outputPaths = (
			);
			runOnlyForDeploymentPostprocessing = 0;
			shellPath = /bin/sh;
			shellScript = "\"${SRCROOT}/Pods/Target Support Files/Pods-slds-sample-appTests/Pods-slds-sample-appTests-frameworks.sh\"\n";
			showEnvVarsInLog = 0;
		};
		75798092238215463CC36111 /* [CP] Copy Pods Resources */ = {
			isa = PBXShellScriptBuildPhase;
			buildActionMask = 2147483647;
			files = (
			);
			inputPaths = (
			);
			name = "[CP] Copy Pods Resources";
			outputPaths = (
			);
			runOnlyForDeploymentPostprocessing = 0;
			shellPath = /bin/sh;
			shellScript = "\"${SRCROOT}/Pods/Target Support Files/Pods-slds-sample-app/Pods-slds-sample-app-resources.sh\"\n";
			showEnvVarsInLog = 0;
		};
		B066238E87A2F5A7BD62552C /* [CP] Embed Pods Frameworks */ = {
			isa = PBXShellScriptBuildPhase;
			buildActionMask = 2147483647;
			files = (
			);
			inputPaths = (
			);
			name = "[CP] Embed Pods Frameworks";
			outputPaths = (
			);
			runOnlyForDeploymentPostprocessing = 0;
			shellPath = /bin/sh;
			shellScript = "\"${SRCROOT}/Pods/Target Support Files/Pods-slds-sample-app/Pods-slds-sample-app-frameworks.sh\"\n";
			showEnvVarsInLog = 0;
		};
		CA4C8518F6721C03B151A91F /* [CP] Check Pods Manifest.lock */ = {
			isa = PBXShellScriptBuildPhase;
			buildActionMask = 2147483647;
			files = (
			);
			inputPaths = (
			);
			name = "[CP] Check Pods Manifest.lock";
			outputPaths = (
			);
			runOnlyForDeploymentPostprocessing = 0;
			shellPath = /bin/sh;
			shellScript = "diff \"${PODS_ROOT}/../Podfile.lock\" \"${PODS_ROOT}/Manifest.lock\" > /dev/null\nif [ $? != 0 ] ; then\n    # print error to STDERR\n    echo \"error: The sandbox is not in sync with the Podfile.lock. Run 'pod install' or update your CocoaPods installation.\" >&2\n    exit 1\nfi\n";
			showEnvVarsInLog = 0;
		};
		E73BB817D62D5DD032047B08 /* [CP] Copy Pods Resources */ = {
			isa = PBXShellScriptBuildPhase;
			buildActionMask = 2147483647;
			files = (
			);
			inputPaths = (
			);
			name = "[CP] Copy Pods Resources";
			outputPaths = (
			);
			runOnlyForDeploymentPostprocessing = 0;
			shellPath = /bin/sh;
			shellScript = "\"${SRCROOT}/Pods/Target Support Files/Pods-slds-sample-appUITests/Pods-slds-sample-appUITests-resources.sh\"\n";
			showEnvVarsInLog = 0;
		};
/* End PBXShellScriptBuildPhase section */

/* Begin PBXSourcesBuildPhase section */
		FCB47EA11DD0FCDB00BB6C1B /* Sources */ = {
			isa = PBXSourcesBuildPhase;
			buildActionMask = 2147483647;
			files = (
				FC1EA4681DDE6F6300304E01 /* MainListViewController.swift in Sources */,
				FC4299161DDA3EEC00891FBD /* CategoryCell.swift in Sources */,
				FCB47EDD1DD3D09400BB6C1B /* ConstraintsHelper.swift in Sources */,
				FC42991F1DDA8FC500891FBD /* ColorViewController.swift in Sources */,
				FC4299191DDA4FE100891FBD /* ColorListViewController.swift in Sources */,
				206AA8201DE3B82800375432 /* UserListViewController.swift in Sources */,
				FCCEE6471DEE4DE600949840 /* IconCell.swift in Sources */,
				FCFD3F511DE3671300A2C9B2 /* SectionHeaderView.swift in Sources */,
				206AA81E1DE3B80C00375432 /* FontListTableViewController.swift in Sources */,
				FCB47EA91DD0FCDB00BB6C1B /* AppDelegate.swift in Sources */,
				209A56291DEF546400327910 /* IconListViewController.swift in Sources */,
				FC4FF3DB1DE4D033009B3D2E /* ColorCell.swift in Sources */,
				FCB47EE01DD4F10E00BB6C1B /* NavButton.swift in Sources */,
			);
			runOnlyForDeploymentPostprocessing = 0;
		};
		FCB47EB51DD0FCDB00BB6C1B /* Sources */ = {
			isa = PBXSourcesBuildPhase;
			buildActionMask = 2147483647;
			files = (
				FCB47EBE1DD0FCDB00BB6C1B /* slds_sample_appTests.swift in Sources */,
			);
			runOnlyForDeploymentPostprocessing = 0;
		};
		FCB47EC01DD0FCDB00BB6C1B /* Sources */ = {
			isa = PBXSourcesBuildPhase;
			buildActionMask = 2147483647;
			files = (
				FCB47EC91DD0FCDB00BB6C1B /* slds_sample_appUITests.swift in Sources */,
			);
			runOnlyForDeploymentPostprocessing = 0;
		};
/* End PBXSourcesBuildPhase section */

/* Begin PBXTargetDependency section */
		FC2AB8341DECE4730045C837 /* PBXTargetDependency */ = {
			isa = PBXTargetDependency;
			name = "SalesforceDesignSystem-Extended";
			targetProxy = FC2AB8331DECE4730045C837 /* PBXContainerItemProxy */;
		};
		FCB47EBB1DD0FCDB00BB6C1B /* PBXTargetDependency */ = {
			isa = PBXTargetDependency;
			target = FCB47EA41DD0FCDB00BB6C1B /* slds-sample-app */;
			targetProxy = FCB47EBA1DD0FCDB00BB6C1B /* PBXContainerItemProxy */;
		};
		FCB47EC61DD0FCDB00BB6C1B /* PBXTargetDependency */ = {
			isa = PBXTargetDependency;
			target = FCB47EA41DD0FCDB00BB6C1B /* slds-sample-app */;
			targetProxy = FCB47EC51DD0FCDB00BB6C1B /* PBXContainerItemProxy */;
		};
/* End PBXTargetDependency section */

/* Begin PBXVariantGroup section */
		FCB47EB11DD0FCDB00BB6C1B /* LaunchScreen.storyboard */ = {
			isa = PBXVariantGroup;
			children = (
				FCB47EB21DD0FCDB00BB6C1B /* Base */,
			);
			name = LaunchScreen.storyboard;
			sourceTree = "<group>";
		};
/* End PBXVariantGroup section */

/* Begin XCBuildConfiguration section */
		FCB47ECB1DD0FCDB00BB6C1B /* Debug */ = {
			isa = XCBuildConfiguration;
			buildSettings = {
				ALWAYS_SEARCH_USER_PATHS = NO;
				CLANG_ANALYZER_NONNULL = YES;
				CLANG_CXX_LANGUAGE_STANDARD = "gnu++0x";
				CLANG_CXX_LIBRARY = "libc++";
				CLANG_ENABLE_MODULES = YES;
				CLANG_ENABLE_OBJC_ARC = YES;
				CLANG_WARN_BOOL_CONVERSION = YES;
				CLANG_WARN_CONSTANT_CONVERSION = YES;
				CLANG_WARN_DIRECT_OBJC_ISA_USAGE = YES_ERROR;
				CLANG_WARN_DOCUMENTATION_COMMENTS = YES;
				CLANG_WARN_EMPTY_BODY = YES;
				CLANG_WARN_ENUM_CONVERSION = YES;
				CLANG_WARN_INFINITE_RECURSION = YES;
				CLANG_WARN_INT_CONVERSION = YES;
				CLANG_WARN_OBJC_ROOT_CLASS = YES_ERROR;
				CLANG_WARN_SUSPICIOUS_MOVES = YES;
				CLANG_WARN_UNREACHABLE_CODE = YES;
				CLANG_WARN__DUPLICATE_METHOD_MATCH = YES;
				"CODE_SIGN_IDENTITY[sdk=iphoneos*]" = "iPhone Developer";
				COPY_PHASE_STRIP = NO;
				DEBUG_INFORMATION_FORMAT = dwarf;
				ENABLE_STRICT_OBJC_MSGSEND = YES;
				ENABLE_TESTABILITY = YES;
				GCC_C_LANGUAGE_STANDARD = gnu99;
				GCC_DYNAMIC_NO_PIC = NO;
				GCC_NO_COMMON_BLOCKS = YES;
				GCC_OPTIMIZATION_LEVEL = 0;
				GCC_PREPROCESSOR_DEFINITIONS = (
					"DEBUG=1",
					"$(inherited)",
				);
				GCC_WARN_64_TO_32_BIT_CONVERSION = YES;
				GCC_WARN_ABOUT_RETURN_TYPE = YES_ERROR;
				GCC_WARN_UNDECLARED_SELECTOR = YES;
				GCC_WARN_UNINITIALIZED_AUTOS = YES_AGGRESSIVE;
				GCC_WARN_UNUSED_FUNCTION = YES;
				GCC_WARN_UNUSED_VARIABLE = YES;
				IPHONEOS_DEPLOYMENT_TARGET = 10.0;
				MTL_ENABLE_DEBUG_INFO = YES;
				ONLY_ACTIVE_ARCH = YES;
				SDKROOT = iphoneos;
				SWIFT_ACTIVE_COMPILATION_CONDITIONS = DEBUG;
				SWIFT_OPTIMIZATION_LEVEL = "-Onone";
			};
			name = Debug;
		};
		FCB47ECC1DD0FCDB00BB6C1B /* Release */ = {
			isa = XCBuildConfiguration;
			buildSettings = {
				ALWAYS_SEARCH_USER_PATHS = NO;
				CLANG_ANALYZER_NONNULL = YES;
				CLANG_CXX_LANGUAGE_STANDARD = "gnu++0x";
				CLANG_CXX_LIBRARY = "libc++";
				CLANG_ENABLE_MODULES = YES;
				CLANG_ENABLE_OBJC_ARC = YES;
				CLANG_WARN_BOOL_CONVERSION = YES;
				CLANG_WARN_CONSTANT_CONVERSION = YES;
				CLANG_WARN_DIRECT_OBJC_ISA_USAGE = YES_ERROR;
				CLANG_WARN_DOCUMENTATION_COMMENTS = YES;
				CLANG_WARN_EMPTY_BODY = YES;
				CLANG_WARN_ENUM_CONVERSION = YES;
				CLANG_WARN_INFINITE_RECURSION = YES;
				CLANG_WARN_INT_CONVERSION = YES;
				CLANG_WARN_OBJC_ROOT_CLASS = YES_ERROR;
				CLANG_WARN_SUSPICIOUS_MOVES = YES;
				CLANG_WARN_UNREACHABLE_CODE = YES;
				CLANG_WARN__DUPLICATE_METHOD_MATCH = YES;
				"CODE_SIGN_IDENTITY[sdk=iphoneos*]" = "iPhone Developer";
				COPY_PHASE_STRIP = NO;
				DEBUG_INFORMATION_FORMAT = "dwarf-with-dsym";
				ENABLE_NS_ASSERTIONS = NO;
				ENABLE_STRICT_OBJC_MSGSEND = YES;
				GCC_C_LANGUAGE_STANDARD = gnu99;
				GCC_NO_COMMON_BLOCKS = YES;
				GCC_WARN_64_TO_32_BIT_CONVERSION = YES;
				GCC_WARN_ABOUT_RETURN_TYPE = YES_ERROR;
				GCC_WARN_UNDECLARED_SELECTOR = YES;
				GCC_WARN_UNINITIALIZED_AUTOS = YES_AGGRESSIVE;
				GCC_WARN_UNUSED_FUNCTION = YES;
				GCC_WARN_UNUSED_VARIABLE = YES;
				IPHONEOS_DEPLOYMENT_TARGET = 10.0;
				MTL_ENABLE_DEBUG_INFO = NO;
				SDKROOT = iphoneos;
				SWIFT_OPTIMIZATION_LEVEL = "-Owholemodule";
				VALIDATE_PRODUCT = YES;
			};
			name = Release;
		};
		FCB47ECE1DD0FCDB00BB6C1B /* Debug */ = {
			isa = XCBuildConfiguration;
			baseConfigurationReference = 6DF0FD86FC40490180F65207 /* Pods-slds-sample-app.debug.xcconfig */;
			buildSettings = {
				ASSETCATALOG_COMPILER_APPICON_NAME = AppIcon;
				"CODE_SIGN_IDENTITY[sdk=iphoneos*]" = "iPhone Developer";
				DEVELOPMENT_TEAM = 4WQ2T93P22;
				INFOPLIST_FILE = "slds-sample-app/Info.plist";
				LD_RUNPATH_SEARCH_PATHS = "$(inherited) @executable_path/Frameworks";
				PRODUCT_BUNDLE_IDENTIFIER = salesforce.com;
				PRODUCT_NAME = "$(TARGET_NAME)";
				SWIFT_OBJC_BRIDGING_HEADER = "slds-bridging-header.h";
				SWIFT_VERSION = 3.0;
			};
			name = Debug;
		};
		FCB47ECF1DD0FCDB00BB6C1B /* Release */ = {
			isa = XCBuildConfiguration;
			baseConfigurationReference = 5FB2674A0E6391E56A157B80 /* Pods-slds-sample-app.release.xcconfig */;
			buildSettings = {
				ASSETCATALOG_COMPILER_APPICON_NAME = AppIcon;
				"CODE_SIGN_IDENTITY[sdk=iphoneos*]" = "iPhone Developer";
				DEVELOPMENT_TEAM = 4WQ2T93P22;
				INFOPLIST_FILE = "slds-sample-app/Info.plist";
				LD_RUNPATH_SEARCH_PATHS = "$(inherited) @executable_path/Frameworks";
				PRODUCT_BUNDLE_IDENTIFIER = salesforce.com;
				PRODUCT_NAME = "$(TARGET_NAME)";
				SWIFT_OBJC_BRIDGING_HEADER = "slds-bridging-header.h";
				SWIFT_VERSION = 3.0;
			};
			name = Release;
		};
		FCB47ED11DD0FCDB00BB6C1B /* Debug */ = {
			isa = XCBuildConfiguration;
			baseConfigurationReference = 9D4423C9F4CCA469374A1D9F /* Pods-slds-sample-appTests.debug.xcconfig */;
			buildSettings = {
				ALWAYS_EMBED_SWIFT_STANDARD_LIBRARIES = YES;
				BUNDLE_LOADER = "$(TEST_HOST)";
				DEVELOPMENT_TEAM = U995QZE8B8;
				INFOPLIST_FILE = "slds-sample-appTests/Info.plist";
				LD_RUNPATH_SEARCH_PATHS = "$(inherited) @executable_path/Frameworks @loader_path/Frameworks";
				PRODUCT_BUNDLE_IDENTIFIER = "salesforce-ux.slds-sample-appTests";
				PRODUCT_NAME = "$(TARGET_NAME)";
				SWIFT_VERSION = 3.0;
				TEST_HOST = "$(BUILT_PRODUCTS_DIR)/slds-sample-app.app/slds-sample-app";
			};
			name = Debug;
		};
		FCB47ED21DD0FCDB00BB6C1B /* Release */ = {
			isa = XCBuildConfiguration;
			baseConfigurationReference = 65A3E6365E09765B6A728445 /* Pods-slds-sample-appTests.release.xcconfig */;
			buildSettings = {
				ALWAYS_EMBED_SWIFT_STANDARD_LIBRARIES = YES;
				BUNDLE_LOADER = "$(TEST_HOST)";
				DEVELOPMENT_TEAM = U995QZE8B8;
				INFOPLIST_FILE = "slds-sample-appTests/Info.plist";
				LD_RUNPATH_SEARCH_PATHS = "$(inherited) @executable_path/Frameworks @loader_path/Frameworks";
				PRODUCT_BUNDLE_IDENTIFIER = "salesforce-ux.slds-sample-appTests";
				PRODUCT_NAME = "$(TARGET_NAME)";
				SWIFT_VERSION = 3.0;
				TEST_HOST = "$(BUILT_PRODUCTS_DIR)/slds-sample-app.app/slds-sample-app";
			};
			name = Release;
		};
		FCB47ED41DD0FCDB00BB6C1B /* Debug */ = {
			isa = XCBuildConfiguration;
			baseConfigurationReference = AA1325560723AB169DFA4098 /* Pods-slds-sample-appUITests.debug.xcconfig */;
			buildSettings = {
				ALWAYS_EMBED_SWIFT_STANDARD_LIBRARIES = YES;
				DEVELOPMENT_TEAM = U995QZE8B8;
				INFOPLIST_FILE = "slds-sample-appUITests/Info.plist";
				LD_RUNPATH_SEARCH_PATHS = "$(inherited) @executable_path/Frameworks @loader_path/Frameworks";
				PRODUCT_BUNDLE_IDENTIFIER = "salesforce-ux.slds-sample-appUITests";
				PRODUCT_NAME = "$(TARGET_NAME)";
				SWIFT_VERSION = 3.0;
				TEST_TARGET_NAME = "slds-sample-app";
			};
			name = Debug;
		};
		FCB47ED51DD0FCDB00BB6C1B /* Release */ = {
			isa = XCBuildConfiguration;
			baseConfigurationReference = BA6AA3000194D0F4454774B1 /* Pods-slds-sample-appUITests.release.xcconfig */;
			buildSettings = {
				ALWAYS_EMBED_SWIFT_STANDARD_LIBRARIES = YES;
				DEVELOPMENT_TEAM = U995QZE8B8;
				INFOPLIST_FILE = "slds-sample-appUITests/Info.plist";
				LD_RUNPATH_SEARCH_PATHS = "$(inherited) @executable_path/Frameworks @loader_path/Frameworks";
				PRODUCT_BUNDLE_IDENTIFIER = "salesforce-ux.slds-sample-appUITests";
				PRODUCT_NAME = "$(TARGET_NAME)";
				SWIFT_VERSION = 3.0;
				TEST_TARGET_NAME = "slds-sample-app";
			};
			name = Release;
		};
/* End XCBuildConfiguration section */

/* Begin XCConfigurationList section */
		FCB47EA01DD0FCDB00BB6C1B /* Build configuration list for PBXProject "slds-sample-app" */ = {
			isa = XCConfigurationList;
			buildConfigurations = (
				FCB47ECB1DD0FCDB00BB6C1B /* Debug */,
				FCB47ECC1DD0FCDB00BB6C1B /* Release */,
			);
			defaultConfigurationIsVisible = 0;
			defaultConfigurationName = Release;
		};
		FCB47ECD1DD0FCDB00BB6C1B /* Build configuration list for PBXNativeTarget "slds-sample-app" */ = {
			isa = XCConfigurationList;
			buildConfigurations = (
				FCB47ECE1DD0FCDB00BB6C1B /* Debug */,
				FCB47ECF1DD0FCDB00BB6C1B /* Release */,
			);
			defaultConfigurationIsVisible = 0;
			defaultConfigurationName = Release;
		};
		FCB47ED01DD0FCDB00BB6C1B /* Build configuration list for PBXNativeTarget "slds-sample-appTests" */ = {
			isa = XCConfigurationList;
			buildConfigurations = (
				FCB47ED11DD0FCDB00BB6C1B /* Debug */,
				FCB47ED21DD0FCDB00BB6C1B /* Release */,
			);
			defaultConfigurationIsVisible = 0;
			defaultConfigurationName = Release;
		};
		FCB47ED31DD0FCDB00BB6C1B /* Build configuration list for PBXNativeTarget "slds-sample-appUITests" */ = {
			isa = XCConfigurationList;
			buildConfigurations = (
				FCB47ED41DD0FCDB00BB6C1B /* Debug */,
				FCB47ED51DD0FCDB00BB6C1B /* Release */,
			);
			defaultConfigurationIsVisible = 0;
			defaultConfigurationName = Release;
		};
/* End XCConfigurationList section */
	};
	rootObject = FCB47E9D1DD0FCDB00BB6C1B /* Project object */;
}
