// !$*UTF8*$!
{
	archiveVersion = 1;
	classes = {
	};
	objectVersion = 46;
	objects = {

/* Begin PBXBuildFile section */
		051C4CE41B2F6A00001CDF18 /* bg-landing.png in Resources */ = {isa = PBXBuildFile; fileRef = 051C4CE31B2F6A00001CDF18 /* bg-landing.png */; };
		051C4CE71B2F78C9001CDF18 /* LaunchScreenView.m in Sources */ = {isa = PBXBuildFile; fileRef = 051C4CE61B2F78C9001CDF18 /* LaunchScreenView.m */; };
		051C4D181B3005DA001CDF18 /* SpriteKit.framework in Frameworks */ = {isa = PBXBuildFile; fileRef = 051C4D171B3005DA001CDF18 /* SpriteKit.framework */; };
		051C4D211B30AF29001CDF18 /* TextListViewController.m in Sources */ = {isa = PBXBuildFile; fileRef = 051C4D201B30AF29001CDF18 /* TextListViewController.m */; };
		051C4D241B30AFA1001CDF18 /* TextViewController.m in Sources */ = {isa = PBXBuildFile; fileRef = 051C4D231B30AFA1001CDF18 /* TextViewController.m */; };
		0539D1981B684A0000A7DFD2 /* IconListViewController.m in Sources */ = {isa = PBXBuildFile; fileRef = 0539D1971B684A0000A7DFD2 /* IconListViewController.m */; };
		0539D1A41B68556D00A7DFD2 /* IconViewController.m in Sources */ = {isa = PBXBuildFile; fileRef = 0539D1A31B68556D00A7DFD2 /* IconViewController.m */; };
		05A7B08F1B2A5EAC00B5FB86 /* main.m in Sources */ = {isa = PBXBuildFile; fileRef = 05A7B08E1B2A5EAC00B5FB86 /* main.m */; };
		05A7B0921B2A5EAC00B5FB86 /* AppDelegate.m in Sources */ = {isa = PBXBuildFile; fileRef = 05A7B0911B2A5EAC00B5FB86 /* AppDelegate.m */; };
		05A7B09A1B2A5EAC00B5FB86 /* Images.xcassets in Resources */ = {isa = PBXBuildFile; fileRef = 05A7B0991B2A5EAC00B5FB86 /* Images.xcassets */; };
		05A7B09D1B2A5EAC00B5FB86 /* LaunchScreen.xib in Resources */ = {isa = PBXBuildFile; fileRef = 05A7B09B1B2A5EAC00B5FB86 /* LaunchScreen.xib */; };
		05C49E1A1B2C691C006B6B28 /* SWRevealViewController.m in Sources */ = {isa = PBXBuildFile; fileRef = 05C49E191B2C691C006B6B28 /* SWRevealViewController.m */; };
		05C49E1D1B2C6A9E006B6B28 /* RearMasterTableViewController.m in Sources */ = {isa = PBXBuildFile; fileRef = 05C49E1C1B2C6A9E006B6B28 /* RearMasterTableViewController.m */; };
		05C49E201B2C741A006B6B28 /* FrontViewController.m in Sources */ = {isa = PBXBuildFile; fileRef = 05C49E1F1B2C741A006B6B28 /* FrontViewController.m */; };
		05C49E231B2D5D92006B6B28 /* RearTableViewController.m in Sources */ = {isa = PBXBuildFile; fileRef = 05C49E221B2D5D92006B6B28 /* RearTableViewController.m */; };
		05C49E281B2EA4A3006B6B28 /* ColorListViewController.m in Sources */ = {isa = PBXBuildFile; fileRef = 05C49E251B2EA4A3006B6B28 /* ColorListViewController.m */; };
		05C49E291B2EA4A3006B6B28 /* ColorViewController.m in Sources */ = {isa = PBXBuildFile; fileRef = 05C49E271B2EA4A3006B6B28 /* ColorViewController.m */; };
		05DCE66A1B7A702D009C6563 /* libSalesforceDesignSystem-Extended.a in Frameworks */ = {isa = PBXBuildFile; fileRef = 05DCE6671B7A701B009C6563 /* libSalesforceDesignSystem-Extended.a */; };
		05DCE66E1B7A74C4009C6563 /* SalesforceDesignSystem.bundle in Resources */ = {isa = PBXBuildFile; fileRef = 05DCE66B1B7A7046009C6563 /* SalesforceDesignSystem.bundle */; };
		2024D1381DE4CA8E0000F9B2 /* CustomFont.bundle in Resources */ = {isa = PBXBuildFile; fileRef = 2024D1371DE4CA8E0000F9B2 /* CustomFont.bundle */; };
/* End PBXBuildFile section */

/* Begin PBXContainerItemProxy section */
		05DCE6621B7A701B009C6563 /* PBXContainerItemProxy */ = {
			isa = PBXContainerItemProxy;
			containerPortal = 05DCE65C1B7A701B009C6563 /* SalesforceDesignSystem.xcodeproj */;
			proxyType = 2;
			remoteGlobalIDString = 051031E61B29F1020094A6B2;
			remoteInfo = SalesforceDesignSystem;
		};
		05DCE6641B7A701B009C6563 /* PBXContainerItemProxy */ = {
			isa = PBXContainerItemProxy;
			containerPortal = 05DCE65C1B7A701B009C6563 /* SalesforceDesignSystem.xcodeproj */;
			proxyType = 2;
			remoteGlobalIDString = 051C4D151B2FD398001CDF18;
			remoteInfo = "SalesforceDesignSystem-headers";
		};
		05DCE6661B7A701B009C6563 /* PBXContainerItemProxy */ = {
			isa = PBXContainerItemProxy;
			containerPortal = 05DCE65C1B7A701B009C6563 /* SalesforceDesignSystem.xcodeproj */;
			proxyType = 2;
			remoteGlobalIDString = 059109FB1B583B8900C89AEC;
			remoteInfo = "SalesforceDesignSystem-Extended";
		};
		05DCE6681B7A7027009C6563 /* PBXContainerItemProxy */ = {
			isa = PBXContainerItemProxy;
			containerPortal = 05DCE65C1B7A701B009C6563 /* SalesforceDesignSystem.xcodeproj */;
			proxyType = 1;
			remoteGlobalIDString = 059109B21B583B8900C89AEC;
			remoteInfo = "SalesforceDesignSystem-Extended";
		};
/* End PBXContainerItemProxy section */

/* Begin PBXFileReference section */
		051C4CE31B2F6A00001CDF18 /* bg-landing.png */ = {isa = PBXFileReference; lastKnownFileType = image.png; name = "bg-landing.png"; path = "Resources/Images/bg-landing.png"; sourceTree = "<group>"; };
		051C4CE51B2F78C9001CDF18 /* LaunchScreenView.h */ = {isa = PBXFileReference; fileEncoding = 4; lastKnownFileType = sourcecode.c.h; path = LaunchScreenView.h; sourceTree = "<group>"; };
		051C4CE61B2F78C9001CDF18 /* LaunchScreenView.m */ = {isa = PBXFileReference; fileEncoding = 4; lastKnownFileType = sourcecode.c.objc; path = LaunchScreenView.m; sourceTree = "<group>"; };
		051C4D171B3005DA001CDF18 /* SpriteKit.framework */ = {isa = PBXFileReference; lastKnownFileType = wrapper.framework; name = SpriteKit.framework; path = System/Library/Frameworks/SpriteKit.framework; sourceTree = SDKROOT; };
		051C4D1F1B30AF29001CDF18 /* TextListViewController.h */ = {isa = PBXFileReference; fileEncoding = 4; lastKnownFileType = sourcecode.c.h; path = TextListViewController.h; sourceTree = "<group>"; };
		051C4D201B30AF29001CDF18 /* TextListViewController.m */ = {isa = PBXFileReference; fileEncoding = 4; lastKnownFileType = sourcecode.c.objc; path = TextListViewController.m; sourceTree = "<group>"; };
		051C4D221B30AFA1001CDF18 /* TextViewController.h */ = {isa = PBXFileReference; fileEncoding = 4; lastKnownFileType = sourcecode.c.h; path = TextViewController.h; sourceTree = "<group>"; };
		051C4D231B30AFA1001CDF18 /* TextViewController.m */ = {isa = PBXFileReference; fileEncoding = 4; lastKnownFileType = sourcecode.c.objc; path = TextViewController.m; sourceTree = "<group>"; };
		0539D1961B684A0000A7DFD2 /* IconListViewController.h */ = {isa = PBXFileReference; fileEncoding = 4; lastKnownFileType = sourcecode.c.h; path = IconListViewController.h; sourceTree = "<group>"; };
		0539D1971B684A0000A7DFD2 /* IconListViewController.m */ = {isa = PBXFileReference; fileEncoding = 4; lastKnownFileType = sourcecode.c.objc; path = IconListViewController.m; sourceTree = "<group>"; };
		0539D1A21B68556D00A7DFD2 /* IconViewController.h */ = {isa = PBXFileReference; fileEncoding = 4; lastKnownFileType = sourcecode.c.h; path = IconViewController.h; sourceTree = "<group>"; };
		0539D1A31B68556D00A7DFD2 /* IconViewController.m */ = {isa = PBXFileReference; fileEncoding = 4; lastKnownFileType = sourcecode.c.objc; path = IconViewController.m; sourceTree = "<group>"; };
		05A7B0891B2A5EAC00B5FB86 /* SLDSSampleApp.app */ = {isa = PBXFileReference; explicitFileType = wrapper.application; includeInIndex = 0; path = SLDSSampleApp.app; sourceTree = BUILT_PRODUCTS_DIR; };
		05A7B08D1B2A5EAC00B5FB86 /* Info.plist */ = {isa = PBXFileReference; lastKnownFileType = text.plist.xml; path = Info.plist; sourceTree = "<group>"; };
		05A7B08E1B2A5EAC00B5FB86 /* main.m */ = {isa = PBXFileReference; lastKnownFileType = sourcecode.c.objc; path = main.m; sourceTree = "<group>"; };
		05A7B0901B2A5EAC00B5FB86 /* AppDelegate.h */ = {isa = PBXFileReference; lastKnownFileType = sourcecode.c.h; path = AppDelegate.h; sourceTree = "<group>"; };
		05A7B0911B2A5EAC00B5FB86 /* AppDelegate.m */ = {isa = PBXFileReference; lastKnownFileType = sourcecode.c.objc; path = AppDelegate.m; sourceTree = "<group>"; };
		05A7B0991B2A5EAC00B5FB86 /* Images.xcassets */ = {isa = PBXFileReference; lastKnownFileType = folder.assetcatalog; path = Images.xcassets; sourceTree = "<group>"; };
		05A7B09C1B2A5EAC00B5FB86 /* Base */ = {isa = PBXFileReference; lastKnownFileType = file.xib; name = Base; path = Base.lproj/LaunchScreen.xib; sourceTree = "<group>"; };
		05C49E181B2C691C006B6B28 /* SWRevealViewController.h */ = {isa = PBXFileReference; fileEncoding = 4; lastKnownFileType = sourcecode.c.h; name = SWRevealViewController.h; path = Vendor/SWRevealViewController/SWRevealViewController.h; sourceTree = "<group>"; };
		05C49E191B2C691C006B6B28 /* SWRevealViewController.m */ = {isa = PBXFileReference; fileEncoding = 4; lastKnownFileType = sourcecode.c.objc; name = SWRevealViewController.m; path = Vendor/SWRevealViewController/SWRevealViewController.m; sourceTree = "<group>"; };
		05C49E1B1B2C6A9E006B6B28 /* RearMasterTableViewController.h */ = {isa = PBXFileReference; fileEncoding = 4; lastKnownFileType = sourcecode.c.h; path = RearMasterTableViewController.h; sourceTree = "<group>"; };
		05C49E1C1B2C6A9E006B6B28 /* RearMasterTableViewController.m */ = {isa = PBXFileReference; fileEncoding = 4; lastKnownFileType = sourcecode.c.objc; path = RearMasterTableViewController.m; sourceTree = "<group>"; };
		05C49E1E1B2C741A006B6B28 /* FrontViewController.h */ = {isa = PBXFileReference; fileEncoding = 4; lastKnownFileType = sourcecode.c.h; path = FrontViewController.h; sourceTree = "<group>"; };
		05C49E1F1B2C741A006B6B28 /* FrontViewController.m */ = {isa = PBXFileReference; fileEncoding = 4; lastKnownFileType = sourcecode.c.objc; path = FrontViewController.m; sourceTree = "<group>"; };
		05C49E211B2D5D92006B6B28 /* RearTableViewController.h */ = {isa = PBXFileReference; fileEncoding = 4; lastKnownFileType = sourcecode.c.h; path = RearTableViewController.h; sourceTree = "<group>"; };
		05C49E221B2D5D92006B6B28 /* RearTableViewController.m */ = {isa = PBXFileReference; fileEncoding = 4; lastKnownFileType = sourcecode.c.objc; path = RearTableViewController.m; sourceTree = "<group>"; };
		05C49E241B2EA4A3006B6B28 /* ColorListViewController.h */ = {isa = PBXFileReference; fileEncoding = 4; lastKnownFileType = sourcecode.c.h; path = ColorListViewController.h; sourceTree = "<group>"; };
		05C49E251B2EA4A3006B6B28 /* ColorListViewController.m */ = {isa = PBXFileReference; fileEncoding = 4; lastKnownFileType = sourcecode.c.objc; path = ColorListViewController.m; sourceTree = "<group>"; };
		05C49E261B2EA4A3006B6B28 /* ColorViewController.h */ = {isa = PBXFileReference; fileEncoding = 4; lastKnownFileType = sourcecode.c.h; path = ColorViewController.h; sourceTree = "<group>"; };
		05C49E271B2EA4A3006B6B28 /* ColorViewController.m */ = {isa = PBXFileReference; fileEncoding = 4; lastKnownFileType = sourcecode.c.objc; path = ColorViewController.m; sourceTree = "<group>"; };
		05DCE65C1B7A701B009C6563 /* SalesforceDesignSystem.xcodeproj */ = {isa = PBXFileReference; lastKnownFileType = "wrapper.pb-project"; name = SalesforceDesignSystem.xcodeproj; path = ../SalesforceDesignSystem.xcodeproj; sourceTree = "<group>"; };
		05DCE66B1B7A7046009C6563 /* SalesforceDesignSystem.bundle */ = {isa = PBXFileReference; lastKnownFileType = "wrapper.plug-in"; name = SalesforceDesignSystem.bundle; path = ../SalesforceDesignSystem.bundle; sourceTree = "<group>"; };
		2024D1371DE4CA8E0000F9B2 /* CustomFont.bundle */ = {isa = PBXFileReference; lastKnownFileType = "wrapper.plug-in"; path = CustomFont.bundle; sourceTree = "<group>"; };
/* End PBXFileReference section */

/* Begin PBXFrameworksBuildPhase section */
		05A7B0861B2A5EAC00B5FB86 /* Frameworks */ = {
			isa = PBXFrameworksBuildPhase;
			buildActionMask = 2147483647;
			files = (
				05DCE66A1B7A702D009C6563 /* libSalesforceDesignSystem-Extended.a in Frameworks */,
				051C4D181B3005DA001CDF18 /* SpriteKit.framework in Frameworks */,
			);
			runOnlyForDeploymentPostprocessing = 0;
		};
/* End PBXFrameworksBuildPhase section */

/* Begin PBXGroup section */
		051C4CE21B2F69E0001CDF18 /* Images */ = {
			isa = PBXGroup;
			children = (
				051C4CE31B2F6A00001CDF18 /* bg-landing.png */,
			);
			name = Images;
			sourceTree = "<group>";
		};
		05A7B0801B2A5EAC00B5FB86 = {
			isa = PBXGroup;
			children = (
				2024D1371DE4CA8E0000F9B2 /* CustomFont.bundle */,
				05DCE66B1B7A7046009C6563 /* SalesforceDesignSystem.bundle */,
				05DCE65C1B7A701B009C6563 /* SalesforceDesignSystem.xcodeproj */,
				051C4D171B3005DA001CDF18 /* SpriteKit.framework */,
				05C49E161B2C68E8006B6B28 /* Vendor */,
				05A7B0B21B2A5F0300B5FB86 /* Resources */,
				05A7B08B1B2A5EAC00B5FB86 /* SLDSSampleApp */,
				05A7B08A1B2A5EAC00B5FB86 /* Products */,
			);
			sourceTree = "<group>";
		};
		05A7B08A1B2A5EAC00B5FB86 /* Products */ = {
			isa = PBXGroup;
			children = (
				05A7B0891B2A5EAC00B5FB86 /* SLDSSampleApp.app */,
			);
			name = Products;
			sourceTree = "<group>";
		};
		05A7B08B1B2A5EAC00B5FB86 /* SLDSSampleApp */ = {
			isa = PBXGroup;
			children = (
				05A7B0901B2A5EAC00B5FB86 /* AppDelegate.h */,
				05A7B0911B2A5EAC00B5FB86 /* AppDelegate.m */,
				05C49E241B2EA4A3006B6B28 /* ColorListViewController.h */,
				05C49E251B2EA4A3006B6B28 /* ColorListViewController.m */,
				05C49E261B2EA4A3006B6B28 /* ColorViewController.h */,
				05C49E271B2EA4A3006B6B28 /* ColorViewController.m */,
				05C49E1E1B2C741A006B6B28 /* FrontViewController.h */,
				05C49E1F1B2C741A006B6B28 /* FrontViewController.m */,
				0539D1961B684A0000A7DFD2 /* IconListViewController.h */,
				0539D1971B684A0000A7DFD2 /* IconListViewController.m */,
				0539D1A21B68556D00A7DFD2 /* IconViewController.h */,
				0539D1A31B68556D00A7DFD2 /* IconViewController.m */,
				05A7B0991B2A5EAC00B5FB86 /* Images.xcassets */,
				05A7B09B1B2A5EAC00B5FB86 /* LaunchScreen.xib */,
				051C4CE51B2F78C9001CDF18 /* LaunchScreenView.h */,
				051C4CE61B2F78C9001CDF18 /* LaunchScreenView.m */,
				05C49E1B1B2C6A9E006B6B28 /* RearMasterTableViewController.h */,
				05C49E1C1B2C6A9E006B6B28 /* RearMasterTableViewController.m */,
				05C49E211B2D5D92006B6B28 /* RearTableViewController.h */,
				05C49E221B2D5D92006B6B28 /* RearTableViewController.m */,
				05A7B08C1B2A5EAC00B5FB86 /* Supporting Files */,
				051C4D1F1B30AF29001CDF18 /* TextListViewController.h */,
				051C4D201B30AF29001CDF18 /* TextListViewController.m */,
				051C4D221B30AFA1001CDF18 /* TextViewController.h */,
				051C4D231B30AFA1001CDF18 /* TextViewController.m */,
			);
			path = SLDSSampleApp;
			sourceTree = "<group>";
		};
		05A7B08C1B2A5EAC00B5FB86 /* Supporting Files */ = {
			isa = PBXGroup;
			children = (
				05A7B08D1B2A5EAC00B5FB86 /* Info.plist */,
				05A7B08E1B2A5EAC00B5FB86 /* main.m */,
			);
			name = "Supporting Files";
			sourceTree = "<group>";
		};
		05A7B0B21B2A5F0300B5FB86 /* Resources */ = {
			isa = PBXGroup;
			children = (
				051C4CE21B2F69E0001CDF18 /* Images */,
			);
			name = Resources;
			sourceTree = "<group>";
		};
		05C49E161B2C68E8006B6B28 /* Vendor */ = {
			isa = PBXGroup;
			children = (
				05C49E171B2C68F7006B6B28 /* SWRevealViewController */,
			);
			name = Vendor;
			sourceTree = "<group>";
		};
		05C49E171B2C68F7006B6B28 /* SWRevealViewController */ = {
			isa = PBXGroup;
			children = (
				05C49E181B2C691C006B6B28 /* SWRevealViewController.h */,
				05C49E191B2C691C006B6B28 /* SWRevealViewController.m */,
			);
			name = SWRevealViewController;
			sourceTree = "<group>";
		};
		05DCE65D1B7A701B009C6563 /* Products */ = {
			isa = PBXGroup;
			children = (
				05DCE6631B7A701B009C6563 /* libSalesforceDesignSystem.a */,
				05DCE6651B7A701B009C6563 /* libSalesforceDesignSystem-headers.a */,
				05DCE6671B7A701B009C6563 /* libSalesforceDesignSystem-Extended.a */,
			);
			name = Products;
			sourceTree = "<group>";
		};
/* End PBXGroup section */

/* Begin PBXNativeTarget section */
		05A7B0881B2A5EAC00B5FB86 /* SLDSSampleApp */ = {
			isa = PBXNativeTarget;
			buildConfigurationList = 05A7B0AC1B2A5EAC00B5FB86 /* Build configuration list for PBXNativeTarget "SLDSSampleApp" */;
			buildPhases = (
				05A7B0851B2A5EAC00B5FB86 /* Sources */,
				05A7B0861B2A5EAC00B5FB86 /* Frameworks */,
				05A7B0871B2A5EAC00B5FB86 /* Resources */,
			);
			buildRules = (
			);
			dependencies = (
				05DCE6691B7A7027009C6563 /* PBXTargetDependency */,
			);
			name = SLDSSampleApp;
			productName = SFDSSampleApp;
			productReference = 05A7B0891B2A5EAC00B5FB86 /* SLDSSampleApp.app */;
			productType = "com.apple.product-type.application";
		};
/* End PBXNativeTarget section */

/* Begin PBXProject section */
		05A7B0811B2A5EAC00B5FB86 /* Project object */ = {
			isa = PBXProject;
			attributes = {
				LastUpgradeCheck = 0730;
				ORGANIZATIONNAME = "Salesforce UX";
				TargetAttributes = {
					05A7B0881B2A5EAC00B5FB86 = {
						CreatedOnToolsVersion = 6.3.2;
						ProvisioningStyle = Automatic;
					};
				};
			};
			buildConfigurationList = 05A7B0841B2A5EAC00B5FB86 /* Build configuration list for PBXProject "SLDSSampleApp" */;
			compatibilityVersion = "Xcode 3.2";
			developmentRegion = English;
			hasScannedForEncodings = 0;
			knownRegions = (
				en,
				Base,
			);
			mainGroup = 05A7B0801B2A5EAC00B5FB86;
			productRefGroup = 05A7B08A1B2A5EAC00B5FB86 /* Products */;
			projectDirPath = "";
			projectReferences = (
				{
					ProductGroup = 05DCE65D1B7A701B009C6563 /* Products */;
					ProjectRef = 05DCE65C1B7A701B009C6563 /* SalesforceDesignSystem.xcodeproj */;
				},
			);
			projectRoot = "";
			targets = (
				05A7B0881B2A5EAC00B5FB86 /* SLDSSampleApp */,
			);
		};
/* End PBXProject section */

/* Begin PBXReferenceProxy section */
		05DCE6631B7A701B009C6563 /* libSalesforceDesignSystem.a */ = {
			isa = PBXReferenceProxy;
			fileType = archive.ar;
			path = libSalesforceDesignSystem.a;
			remoteRef = 05DCE6621B7A701B009C6563 /* PBXContainerItemProxy */;
			sourceTree = BUILT_PRODUCTS_DIR;
		};
		05DCE6651B7A701B009C6563 /* libSalesforceDesignSystem-headers.a */ = {
			isa = PBXReferenceProxy;
			fileType = archive.ar;
			path = "libSalesforceDesignSystem-headers.a";
			remoteRef = 05DCE6641B7A701B009C6563 /* PBXContainerItemProxy */;
			sourceTree = BUILT_PRODUCTS_DIR;
		};
		05DCE6671B7A701B009C6563 /* libSalesforceDesignSystem-Extended.a */ = {
			isa = PBXReferenceProxy;
			fileType = archive.ar;
			path = "libSalesforceDesignSystem-Extended.a";
			remoteRef = 05DCE6661B7A701B009C6563 /* PBXContainerItemProxy */;
			sourceTree = BUILT_PRODUCTS_DIR;
		};
/* End PBXReferenceProxy section */

/* Begin PBXResourcesBuildPhase section */
		05A7B0871B2A5EAC00B5FB86 /* Resources */ = {
			isa = PBXResourcesBuildPhase;
			buildActionMask = 2147483647;
			files = (
				2024D1381DE4CA8E0000F9B2 /* CustomFont.bundle in Resources */,
				05DCE66E1B7A74C4009C6563 /* SalesforceDesignSystem.bundle in Resources */,
				051C4CE41B2F6A00001CDF18 /* bg-landing.png in Resources */,
				05A7B09D1B2A5EAC00B5FB86 /* LaunchScreen.xib in Resources */,
				05A7B09A1B2A5EAC00B5FB86 /* Images.xcassets in Resources */,
			);
			runOnlyForDeploymentPostprocessing = 0;
		};
/* End PBXResourcesBuildPhase section */

/* Begin PBXSourcesBuildPhase section */
		05A7B0851B2A5EAC00B5FB86 /* Sources */ = {
			isa = PBXSourcesBuildPhase;
			buildActionMask = 2147483647;
			files = (
				051C4D211B30AF29001CDF18 /* TextListViewController.m in Sources */,
				051C4D241B30AFA1001CDF18 /* TextViewController.m in Sources */,
				05C49E201B2C741A006B6B28 /* FrontViewController.m in Sources */,
				0539D1981B684A0000A7DFD2 /* IconListViewController.m in Sources */,
				05A7B0921B2A5EAC00B5FB86 /* AppDelegate.m in Sources */,
				05A7B08F1B2A5EAC00B5FB86 /* main.m in Sources */,
				05C49E231B2D5D92006B6B28 /* RearTableViewController.m in Sources */,
				0539D1A41B68556D00A7DFD2 /* IconViewController.m in Sources */,
				05C49E281B2EA4A3006B6B28 /* ColorListViewController.m in Sources */,
				05C49E1D1B2C6A9E006B6B28 /* RearMasterTableViewController.m in Sources */,
				051C4CE71B2F78C9001CDF18 /* LaunchScreenView.m in Sources */,
				05C49E291B2EA4A3006B6B28 /* ColorViewController.m in Sources */,
				05C49E1A1B2C691C006B6B28 /* SWRevealViewController.m in Sources */,
			);
			runOnlyForDeploymentPostprocessing = 0;
		};
/* End PBXSourcesBuildPhase section */

/* Begin PBXTargetDependency section */
		05DCE6691B7A7027009C6563 /* PBXTargetDependency */ = {
			isa = PBXTargetDependency;
			name = "SalesforceDesignSystem-Extended";
			targetProxy = 05DCE6681B7A7027009C6563 /* PBXContainerItemProxy */;
		};
/* End PBXTargetDependency section */

/* Begin PBXVariantGroup section */
		05A7B09B1B2A5EAC00B5FB86 /* LaunchScreen.xib */ = {
			isa = PBXVariantGroup;
			children = (
				05A7B09C1B2A5EAC00B5FB86 /* Base */,
			);
			name = LaunchScreen.xib;
			sourceTree = "<group>";
		};
/* End PBXVariantGroup section */

/* Begin XCBuildConfiguration section */
		05A7B0AA1B2A5EAC00B5FB86 /* Debug */ = {
			isa = XCBuildConfiguration;
			buildSettings = {
				ALWAYS_SEARCH_USER_PATHS = NO;
				CLANG_CXX_LANGUAGE_STANDARD = "gnu++0x";
				CLANG_CXX_LIBRARY = "libc++";
				CLANG_ENABLE_MODULES = YES;
				CLANG_ENABLE_OBJC_ARC = YES;
				CLANG_WARN_BOOL_CONVERSION = YES;
				CLANG_WARN_CONSTANT_CONVERSION = YES;
				CLANG_WARN_DIRECT_OBJC_ISA_USAGE = YES_ERROR;
				CLANG_WARN_EMPTY_BODY = YES;
				CLANG_WARN_ENUM_CONVERSION = YES;
				CLANG_WARN_INT_CONVERSION = YES;
				CLANG_WARN_OBJC_ROOT_CLASS = YES_ERROR;
				CLANG_WARN_UNREACHABLE_CODE = YES;
				CLANG_WARN__DUPLICATE_METHOD_MATCH = YES;
				"CODE_SIGN_IDENTITY[sdk=iphoneos*]" = "iPhone Developer";
				COPY_PHASE_STRIP = NO;
				DEBUG_INFORMATION_FORMAT = "dwarf-with-dsym";
				ENABLE_STRICT_OBJC_MSGSEND = YES;
				ENABLE_TESTABILITY = YES;
				GCC_C_LANGUAGE_STANDARD = gnu99;
				GCC_DYNAMIC_NO_PIC = NO;
				GCC_NO_COMMON_BLOCKS = YES;
				GCC_OPTIMIZATION_LEVEL = 0;
				GCC_PREPROCESSOR_DEFINITIONS = (
					"DEBUG=1",
					"$(inherited)",
				);
				GCC_SYMBOLS_PRIVATE_EXTERN = NO;
				GCC_WARN_64_TO_32_BIT_CONVERSION = YES;
				GCC_WARN_ABOUT_RETURN_TYPE = YES_ERROR;
				GCC_WARN_UNDECLARED_SELECTOR = YES;
				GCC_WARN_UNINITIALIZED_AUTOS = YES_AGGRESSIVE;
				GCC_WARN_UNUSED_FUNCTION = YES;
				GCC_WARN_UNUSED_VARIABLE = YES;
				IPHONEOS_DEPLOYMENT_TARGET = 8.3;
				MTL_ENABLE_DEBUG_INFO = YES;
				ONLY_ACTIVE_ARCH = YES;
				SDKROOT = iphoneos;
				TARGETED_DEVICE_FAMILY = "1,2";
			};
			name = Debug;
		};
		05A7B0AB1B2A5EAC00B5FB86 /* Release */ = {
			isa = XCBuildConfiguration;
			buildSettings = {
				ALWAYS_SEARCH_USER_PATHS = NO;
				CLANG_CXX_LANGUAGE_STANDARD = "gnu++0x";
				CLANG_CXX_LIBRARY = "libc++";
				CLANG_ENABLE_MODULES = YES;
				CLANG_ENABLE_OBJC_ARC = YES;
				CLANG_WARN_BOOL_CONVERSION = YES;
				CLANG_WARN_CONSTANT_CONVERSION = YES;
				CLANG_WARN_DIRECT_OBJC_ISA_USAGE = YES_ERROR;
				CLANG_WARN_EMPTY_BODY = YES;
				CLANG_WARN_ENUM_CONVERSION = YES;
				CLANG_WARN_INT_CONVERSION = YES;
				CLANG_WARN_OBJC_ROOT_CLASS = YES_ERROR;
				CLANG_WARN_UNREACHABLE_CODE = YES;
				CLANG_WARN__DUPLICATE_METHOD_MATCH = YES;
				"CODE_SIGN_IDENTITY[sdk=iphoneos*]" = "iPhone Developer";
				COPY_PHASE_STRIP = NO;
				DEBUG_INFORMATION_FORMAT = "dwarf-with-dsym";
				ENABLE_NS_ASSERTIONS = NO;
				ENABLE_STRICT_OBJC_MSGSEND = YES;
				GCC_C_LANGUAGE_STANDARD = gnu99;
				GCC_NO_COMMON_BLOCKS = YES;
				GCC_WARN_64_TO_32_BIT_CONVERSION = YES;
				GCC_WARN_ABOUT_RETURN_TYPE = YES_ERROR;
				GCC_WARN_UNDECLARED_SELECTOR = YES;
				GCC_WARN_UNINITIALIZED_AUTOS = YES_AGGRESSIVE;
				GCC_WARN_UNUSED_FUNCTION = YES;
				GCC_WARN_UNUSED_VARIABLE = YES;
				IPHONEOS_DEPLOYMENT_TARGET = 8.3;
				MTL_ENABLE_DEBUG_INFO = NO;
				SDKROOT = iphoneos;
				TARGETED_DEVICE_FAMILY = "1,2";
				VALIDATE_PRODUCT = YES;
			};
			name = Release;
		};
		05A7B0AD1B2A5EAC00B5FB86 /* Debug */ = {
			isa = XCBuildConfiguration;
			buildSettings = {
				ASSETCATALOG_COMPILER_APPICON_NAME = AppIcon;
				CODE_SIGN_IDENTITY = "";
				"CODE_SIGN_IDENTITY[sdk=iphoneos*]" = "iPhone Developer";
				DEVELOPMENT_TEAM = "";
				INFOPLIST_FILE = SLDSSampleApp/Info.plist;
				IPHONEOS_DEPLOYMENT_TARGET = 9.3;
				LD_RUNPATH_SEARCH_PATHS = "$(inherited) @executable_path/Frameworks";
				OTHER_LDFLAGS = "-ObjC";
				PRODUCT_BUNDLE_IDENTIFIER = "com.salesforce.$(PRODUCT_NAME:rfc1034identifier)";
				PRODUCT_NAME = "$(TARGET_NAME)";
				TARGETED_DEVICE_FAMILY = 1;
			};
			name = Debug;
		};
		05A7B0AE1B2A5EAC00B5FB86 /* Release */ = {
			isa = XCBuildConfiguration;
			buildSettings = {
				ASSETCATALOG_COMPILER_APPICON_NAME = AppIcon;
				CODE_SIGN_IDENTITY = "";
				"CODE_SIGN_IDENTITY[sdk=iphoneos*]" = "iPhone Developer";
				DEVELOPMENT_TEAM = "";
				INFOPLIST_FILE = SLDSSampleApp/Info.plist;
				IPHONEOS_DEPLOYMENT_TARGET = 9.3;
				LD_RUNPATH_SEARCH_PATHS = "$(inherited) @executable_path/Frameworks";
				OTHER_LDFLAGS = "-ObjC";
				PRODUCT_BUNDLE_IDENTIFIER = "com.salesforce.$(PRODUCT_NAME:rfc1034identifier)";
				PRODUCT_NAME = "$(TARGET_NAME)";
				TARGETED_DEVICE_FAMILY = 1;
			};
			name = Release;
		};
/* End XCBuildConfiguration section */

/* Begin XCConfigurationList section */
		05A7B0841B2A5EAC00B5FB86 /* Build configuration list for PBXProject "SLDSSampleApp" */ = {
			isa = XCConfigurationList;
			buildConfigurations = (
				05A7B0AA1B2A5EAC00B5FB86 /* Debug */,
				05A7B0AB1B2A5EAC00B5FB86 /* Release */,
			);
			defaultConfigurationIsVisible = 0;
			defaultConfigurationName = Release;
		};
		05A7B0AC1B2A5EAC00B5FB86 /* Build configuration list for PBXNativeTarget "SLDSSampleApp" */ = {
			isa = XCConfigurationList;
			buildConfigurations = (
				05A7B0AD1B2A5EAC00B5FB86 /* Debug */,
				05A7B0AE1B2A5EAC00B5FB86 /* Release */,
			);
			defaultConfigurationIsVisible = 0;
			defaultConfigurationName = Release;
		};
/* End XCConfigurationList section */
	};
	rootObject = 05A7B0811B2A5EAC00B5FB86 /* Project object */;
}
